// !$*UTF8*$!
{
	archiveVersion = 1;
	classes = {
	};
	objectVersion = 46;
	objects = {

/* Begin PBXAggregateTarget section */
		9C80C9ADF3860A7C984D32C8 /* Stimulate - All */ = {
			isa = PBXAggregateTarget;
			buildConfigurationList = EAFD575BD879F853ED1AF08B;
			buildPhases = (
			);
			dependencies = (
				904AF788E092374259C62119,
				80CDB9918E4E66C071213243,
				2C4FC26089705E226C3A6977,
				82A8DAD06C5F04DFD7E49D61,
			);
			name = "Stimulate - All";
			productName = Stimulate;
		};
/* End PBXAggregateTarget section */

/* Begin PBXBuildFile section */
		0FE88DCE196FDDFDA7EFA6C4 /* Standalone Plugin */ = {isa = PBXBuildFile; fileRef = 7D0702E563BB2B3EA336FE86; };
		20F9B8999CA34D79251A1838 /* include_juce_core.mm */ = {isa = PBXBuildFile; fileRef = CD27801DD3314AA96E857BC6; };
		221F4C3F69411812EE03BEEF /* UI-Constructor.cpp */ = {isa = PBXBuildFile; fileRef = 56D8B6D6C09064F36D15FB99; };
		23DA4FF1DCE71711453C83E4 /* UI-Resized.cpp */ = {isa = PBXBuildFile; fileRef = 0A5078347DD9F9639A07922F; };
		289FE1C2762AC9AF92F4056A /* Accelerate.framework */ = {isa = PBXBuildFile; fileRef = B821F6434A4E9735C7901EA0; };
		3289CF4BD1F255D0C8987DD2 /* Foundation.framework */ = {isa = PBXBuildFile; fileRef = B40E536858347EDB8E95959F; };
		338F5F19F31889697607B763 /* PluginProcessor.cpp */ = {isa = PBXBuildFile; fileRef = ACD206BA3B4BCFD72723F0B7; };
		356CA5659615D627E7527969 /* include_juce_audio_plugin_client_AU_2.mm */ = {isa = PBXBuildFile; fileRef = 72741D3AC107182A4BB6BC72; };
		3AC59604F5A1355683056A53 /* CoreAudio.framework */ = {isa = PBXBuildFile; fileRef = 5EA68C1F5BE28095ABC34E63; };
		3EA4C54706DC82771F8DAE78 /* include_juce_data_structures.mm */ = {isa = PBXBuildFile; fileRef = 9670A6CE00786BB47C317428; };
		3FED34630A0C807B21A327FC /* include_juce_audio_basics.mm */ = {isa = PBXBuildFile; fileRef = 68AC5173BABD86610DAE3729; };
		4445158C3E8D47EA787F40CC /* include_juce_audio_plugin_client_Standalone.cpp */ = {isa = PBXBuildFile; fileRef = 934B404178465582031BF87B; };
		5019316510A76987D474A6E9 /* include_juce_audio_devices.mm */ = {isa = PBXBuildFile; fileRef = 99283BF7EBDC3BCDED642836; };
		50F07CD2495F7874B34303A9 /* QuartzCore.framework */ = {isa = PBXBuildFile; fileRef = E87967BEF68C1B4EE832C46F; };
		5189ED344A9DEA4924E0C05B /* RecentFilesMenuTemplate.nib */ = {isa = PBXBuildFile; fileRef = DEDF6817A6DF0BCFEF68CD1A; };
		526D5BC88FDF04CCEECF89B1 /* BinaryData5.cpp */ = {isa = PBXBuildFile; fileRef = 30366E0161DCF60CD77DFD8A; };
		59272B6D8F177E209FFCB634 /* AudioUnit.framework */ = {isa = PBXBuildFile; fileRef = CB7C9B3044F60153541BF955; };
		5CC3132EDF8AF4D6D34F0FAB /* LV_HeaderComponent.cpp */ = {isa = PBXBuildFile; fileRef = 04DDCBCE3B879806AFF93FEC; };
		612D7C886DE49271382983FF /* IOKit.framework */ = {isa = PBXBuildFile; fileRef = 3C8B0ECC8B678A36786F1693; };
		613E7CF7BCE5961633D16673 /* include_juce_audio_plugin_client_VST_utils.mm */ = {isa = PBXBuildFile; fileRef = 599BD3207E83EFCD2DC727A3; };
		655A88EF862EFD536A4BCE87 /* DiscRecording.framework */ = {isa = PBXBuildFile; fileRef = 543EC7CE609F8A6209649A77; };
		6B647FF637DA17A3D2F79537 /* CoreAudioKit.framework */ = {isa = PBXBuildFile; fileRef = D1D414F89C0ECE01E863537E; };
		6D67E736CE0B22080FED0B43 /* OversamplingMenu.cpp */ = {isa = PBXBuildFile; fileRef = 7656E869DE1DEBE8EA5C7078; };
		74FDABA134A3BE6ACC9A451D /* BinaryData3.cpp */ = {isa = PBXBuildFile; fileRef = 350FCC586DA1621DDAC15492; };
		7AF84DDD7EAD5AB536962047 /* BinaryData2.cpp */ = {isa = PBXBuildFile; fileRef = DD9E96E5439C0EAEC3C8D0D4; };
		7E5514DDA609402AF1240545 /* UI-InitWindow.cpp */ = {isa = PBXBuildFile; fileRef = 2B7AF74471596C406AE0570F; };
		7FD1724227B34138E1BA0931 /* include_juce_gui_extra.mm */ = {isa = PBXBuildFile; fileRef = C32F5573285F17CE2C24F05A; };
		80B58951EB544353A7FF8CFA /* BinaryData.cpp */ = {isa = PBXBuildFile; fileRef = 617BFD33BF75C547E2DB57FE; };
		810E79DAC6B2552A36F56677 /* include_juce_events.mm */ = {isa = PBXBuildFile; fileRef = 3859E4025CCAE624BE8D8A30; };
		8336FB1489EC8086790886F0 /* AU */ = {isa = PBXBuildFile; fileRef = 7B59412226165FE53EDDCF34; };
		8CF74E8FE9759F04211A2974 /* include_juce_audio_plugin_client_VST3.cpp */ = {isa = PBXBuildFile; fileRef = 18E8BEDE535E18E2F00CF144; };
		8E0FD7C9620A224FA84838E7 /* include_juce_audio_utils.mm */ = {isa = PBXBuildFile; fileRef = 8658F07ABADE171A8627B090; };
		94B1359C05DDC5ACB686A5B9 /* UI-SaveWindow.cpp */ = {isa = PBXBuildFile; fileRef = EED0528149202364C2975E67; };
		94E498513012A9519B509437 /* VST3 */ = {isa = PBXBuildFile; fileRef = 7073CBB4BF010D36F4D51FEE; };
		9845B9343610437FF043AEF1 /* CoreMIDI.framework */ = {isa = PBXBuildFile; fileRef = A2829FB4EABFDD93C5BD0285; };
		9F09C3C5E6507754BCE46224 /* Shared Code */ = {isa = PBXBuildFile; fileRef = 047267A1EDC040C7D653D252; };
		A293621C8C4870CB588D542B /* include_juce_audio_plugin_client_AU_1.mm */ = {isa = PBXBuildFile; fileRef = 290611E1871BFB411DC114BA; };
		A60890D265C502F5097997E6 /* UI-Paint.cpp */ = {isa = PBXBuildFile; fileRef = A21C74A94F006E8D1FA2AAED; };
		AC37217723679F7A8DC93F6D /* include_juce_gui_basics.mm */ = {isa = PBXBuildFile; fileRef = 86B77F6CA2BA49F97E3D5839; };
		AEDF8BC44D1D18823CE262DA /* include_juce_audio_plugin_client_AU.r */ = {isa = PBXBuildFile; fileRef = 43DE00DB71C243CEF495961E; };
		BB7D3EF60074CB548735D25B /* include_juce_audio_processors.mm */ = {isa = PBXBuildFile; fileRef = 7806CA08B5864482E1BF258E; };
		BFC36FC93191B0924A5A7890 /* Carbon.framework */ = {isa = PBXBuildFile; fileRef = 1B6BC233F493FC338C40EF42; };
		C4F72C3888EC056FEE2A6613 /* AudioToolbox.framework */ = {isa = PBXBuildFile; fileRef = AD64703A730DA84073CCC797; };
		DE4AC7D5DD18B6D3EA7803BF /* include_juce_graphics.mm */ = {isa = PBXBuildFile; fileRef = BB0C8C49B7A1A2DB34B4C81E; };
		E3886E246EF922B889EB19A8 /* BinaryData4.cpp */ = {isa = PBXBuildFile; fileRef = D7F6FB84CEA2FC6CB3327591; };
		E449523A66B0688325CDE9A1 /* include_viator_modules.cpp */ = {isa = PBXBuildFile; fileRef = 87235B7299096CB91DC1A9C1; };
		E63966838BBCD6415248DCE5 /* PluginEditor.cpp */ = {isa = PBXBuildFile; fileRef = 99E32F1044643974EFF83384; };
		E91D35B8F166B3267A0BDC31 /* include_juce_audio_formats.mm */ = {isa = PBXBuildFile; fileRef = B97EFA367E5F31CB0BEC38F6; };
		EDFF3292CA3B92DE5A34FBB0 /* include_juce_dsp.mm */ = {isa = PBXBuildFile; fileRef = EA71581BA74F12FC15D77D37; };
		EF1C8930DC2717E75D0D0A7F /* Cocoa.framework */ = {isa = PBXBuildFile; fileRef = DCED3C8D648FC2162416C498; };
		F3F470C031B3541779BCFFE3 /* include_juce_audio_plugin_client_utils.cpp */ = {isa = PBXBuildFile; fileRef = D43B54E1CE6D67A2CE8D99D5; };
		FF448FBA209BBF01B7CD3D88 /* WebKit.framework */ = {isa = PBXBuildFile; fileRef = 9693E35386EF67B647E19497; };
/* End PBXBuildFile section */

/* Begin PBXFileReference section */
		047267A1EDC040C7D653D252 /* Shared Code */ = {isa = PBXFileReference; explicitFileType = archive.ar; includeInIndex = 0; path = libexciter.a; sourceTree = BUILT_PRODUCTS_DIR; };
		04DDCBCE3B879806AFF93FEC /* LV_HeaderComponent.cpp */ /* LV_HeaderComponent.cpp */ = {isa = PBXFileReference; lastKnownFileType = sourcecode.cpp.cpp; name = LV_HeaderComponent.cpp; path = "../../Source/UI-Components/LV_HeaderComponent.cpp"; sourceTree = SOURCE_ROOT; };
		05E03507C2E6F497F415BDEC /* juce_audio_plugin_client */ /* juce_audio_plugin_client */ = {isa = PBXFileReference; lastKnownFileType = folder; name = juce_audio_plugin_client; path = /Users/land00m/Documents/GitHub/JUCE/modules/juce_audio_plugin_client; sourceTree = "<absolute>"; };
		0A5078347DD9F9639A07922F /* UI-Resized.cpp */ /* UI-Resized.cpp */ = {isa = PBXFileReference; lastKnownFileType = sourcecode.cpp.cpp; name = "UI-Resized.cpp"; path = "../../Source/UI-Methods/UI-Resized.cpp"; sourceTree = SOURCE_ROOT; };
		0D990EFF97355EFC8458EA62 /* Info-VST3.plist */ /* Info-VST3.plist */ = {isa = PBXFileReference; lastKnownFileType = text.plist.xml; name = "Info-VST3.plist"; path = "Info-VST3.plist"; sourceTree = SOURCE_ROOT; };
		10033385098527B680EA55E7 /* testTexture.png */ /* testTexture.png */ = {isa = PBXFileReference; lastKnownFileType = image.png; name = testTexture.png; path = ../../Source/Assets/testTexture.png; sourceTree = SOURCE_ROOT; };
		1071752E97E57D590C55FFD8 /* dark_blue.png */ /* dark_blue.png */ = {isa = PBXFileReference; lastKnownFileType = image.png; name = dark_blue.png; path = ../../Source/Assets/dark_blue.png; sourceTree = SOURCE_ROOT; };
		1460F55D878F6DC62D867C60 /* Info-Standalone_Plugin.plist */ /* Info-Standalone_Plugin.plist */ = {isa = PBXFileReference; lastKnownFileType = text.plist.xml; name = "Info-Standalone_Plugin.plist"; path = "Info-Standalone_Plugin.plist"; sourceTree = SOURCE_ROOT; };
		16DE79417D8C3070802B036D /* viator_modules */ /* viator_modules */ = {isa = PBXFileReference; lastKnownFileType = folder; name = viator_modules; path = ../../../../viatordsp/viator_modules; sourceTree = SOURCE_ROOT; };
		18E8BEDE535E18E2F00CF144 /* include_juce_audio_plugin_client_VST3.cpp */ /* include_juce_audio_plugin_client_VST3.cpp */ = {isa = PBXFileReference; lastKnownFileType = sourcecode.cpp.cpp; name = include_juce_audio_plugin_client_VST3.cpp; path = ../../JuceLibraryCode/include_juce_audio_plugin_client_VST3.cpp; sourceTree = SOURCE_ROOT; };
		1B6BC233F493FC338C40EF42 /* Carbon.framework */ /* Carbon.framework */ = {isa = PBXFileReference; lastKnownFileType = wrapper.framework; name = Carbon.framework; path = System/Library/Frameworks/Carbon.framework; sourceTree = SDKROOT; };
		1B6E8ED0C0BCC88119F2E64C /* juce_graphics */ /* juce_graphics */ = {isa = PBXFileReference; lastKnownFileType = folder; name = juce_graphics; path = /Users/land00m/Documents/GitHub/JUCE/modules/juce_graphics; sourceTree = "<absolute>"; };
		1E481C2090B4CB91414F702C /* juce_gui_extra */ /* juce_gui_extra */ = {isa = PBXFileReference; lastKnownFileType = folder; name = juce_gui_extra; path = /Users/land00m/Documents/GitHub/JUCE/modules/juce_gui_extra; sourceTree = "<absolute>"; };
		290611E1871BFB411DC114BA /* include_juce_audio_plugin_client_AU_1.mm */ /* include_juce_audio_plugin_client_AU_1.mm */ = {isa = PBXFileReference; lastKnownFileType = sourcecode.cpp.objcpp; name = include_juce_audio_plugin_client_AU_1.mm; path = ../../JuceLibraryCode/include_juce_audio_plugin_client_AU_1.mm; sourceTree = SOURCE_ROOT; };
		2ABE06945A3A0AD8BEFB3721 /* Info-AU.plist */ /* Info-AU.plist */ = {isa = PBXFileReference; lastKnownFileType = text.plist.xml; name = "Info-AU.plist"; path = "Info-AU.plist"; sourceTree = SOURCE_ROOT; };
		2B7AF74471596C406AE0570F /* UI-InitWindow.cpp */ /* UI-InitWindow.cpp */ = {isa = PBXFileReference; lastKnownFileType = sourcecode.cpp.cpp; name = "UI-InitWindow.cpp"; path = "../../Source/UI-Methods/UI-InitWindow.cpp"; sourceTree = SOURCE_ROOT; };
		2D025BB4FD8E5C917E5BF015 /* pluginBackground2.png */ /* pluginBackground2.png */ = {isa = PBXFileReference; lastKnownFileType = image.png; name = pluginBackground2.png; path = ../../Source/Assets/pluginBackground2.png; sourceTree = SOURCE_ROOT; };
		30366E0161DCF60CD77DFD8A /* BinaryData5.cpp */ /* BinaryData5.cpp */ = {isa = PBXFileReference; lastKnownFileType = sourcecode.cpp.cpp; name = BinaryData5.cpp; path = ../../JuceLibraryCode/BinaryData5.cpp; sourceTree = SOURCE_ROOT; };
		350FCC586DA1621DDAC15492 /* BinaryData3.cpp */ /* BinaryData3.cpp */ = {isa = PBXFileReference; lastKnownFileType = sourcecode.cpp.cpp; name = BinaryData3.cpp; path = ../../JuceLibraryCode/BinaryData3.cpp; sourceTree = SOURCE_ROOT; };
		3859E4025CCAE624BE8D8A30 /* include_juce_events.mm */ /* include_juce_events.mm */ = {isa = PBXFileReference; lastKnownFileType = sourcecode.cpp.objcpp; name = include_juce_events.mm; path = ../../JuceLibraryCode/include_juce_events.mm; sourceTree = SOURCE_ROOT; };
		3BDA67C71C9147DB7C388213 /* juce_audio_utils */ /* juce_audio_utils */ = {isa = PBXFileReference; lastKnownFileType = folder; name = juce_audio_utils; path = /Users/land00m/Documents/GitHub/JUCE/modules/juce_audio_utils; sourceTree = "<absolute>"; };
		3C8B0ECC8B678A36786F1693 /* IOKit.framework */ /* IOKit.framework */ = {isa = PBXFileReference; lastKnownFileType = wrapper.framework; name = IOKit.framework; path = System/Library/Frameworks/IOKit.framework; sourceTree = SDKROOT; };
		43DE00DB71C243CEF495961E /* include_juce_audio_plugin_client_AU.r */ /* include_juce_audio_plugin_client_AU.r */ = {isa = PBXFileReference; lastKnownFileType = file.r; name = include_juce_audio_plugin_client_AU.r; path = ../../JuceLibraryCode/include_juce_audio_plugin_client_AU.r; sourceTree = SOURCE_ROOT; };
		543EC7CE609F8A6209649A77 /* DiscRecording.framework */ /* DiscRecording.framework */ = {isa = PBXFileReference; lastKnownFileType = wrapper.framework; name = DiscRecording.framework; path = System/Library/Frameworks/DiscRecording.framework; sourceTree = SDKROOT; };
		56D8B6D6C09064F36D15FB99 /* UI-Constructor.cpp */ /* UI-Constructor.cpp */ = {isa = PBXFileReference; lastKnownFileType = sourcecode.cpp.cpp; name = "UI-Constructor.cpp"; path = "../../Source/UI-Methods/UI-Constructor.cpp"; sourceTree = SOURCE_ROOT; };
		571222C4999222BBC98340AA /* juce_core */ /* juce_core */ = {isa = PBXFileReference; lastKnownFileType = folder; name = juce_core; path = /Users/land00m/Documents/GitHub/JUCE/modules/juce_core; sourceTree = "<absolute>"; };
		599BD3207E83EFCD2DC727A3 /* include_juce_audio_plugin_client_VST_utils.mm */ /* include_juce_audio_plugin_client_VST_utils.mm */ = {isa = PBXFileReference; lastKnownFileType = sourcecode.cpp.objcpp; name = include_juce_audio_plugin_client_VST_utils.mm; path = ../../JuceLibraryCode/include_juce_audio_plugin_client_VST_utils.mm; sourceTree = SOURCE_ROOT; };
		5EA68C1F5BE28095ABC34E63 /* CoreAudio.framework */ /* CoreAudio.framework */ = {isa = PBXFileReference; lastKnownFileType = wrapper.framework; name = CoreAudio.framework; path = System/Library/Frameworks/CoreAudio.framework; sourceTree = SDKROOT; };
		617BFD33BF75C547E2DB57FE /* BinaryData.cpp */ /* BinaryData.cpp */ = {isa = PBXFileReference; lastKnownFileType = sourcecode.cpp.cpp; name = BinaryData.cpp; path = ../../JuceLibraryCode/BinaryData.cpp; sourceTree = SOURCE_ROOT; };
		67E102052D61246A3D1CCACB /* PluginEditor.h */ /* PluginEditor.h */ = {isa = PBXFileReference; lastKnownFileType = sourcecode.c.h; name = PluginEditor.h; path = ../../Source/PluginEditor.h; sourceTree = SOURCE_ROOT; };
		68AC5173BABD86610DAE3729 /* include_juce_audio_basics.mm */ /* include_juce_audio_basics.mm */ = {isa = PBXFileReference; lastKnownFileType = sourcecode.cpp.objcpp; name = include_juce_audio_basics.mm; path = ../../JuceLibraryCode/include_juce_audio_basics.mm; sourceTree = SOURCE_ROOT; };
		68D9EC63AC0987D48A6B6F85 /* JucePluginDefines.h */ /* JucePluginDefines.h */ = {isa = PBXFileReference; lastKnownFileType = sourcecode.c.h; name = JucePluginDefines.h; path = ../../JuceLibraryCode/JucePluginDefines.h; sourceTree = SOURCE_ROOT; };
		6D95B93A72DECD6D1ED138B7 /* juce_events */ /* juce_events */ = {isa = PBXFileReference; lastKnownFileType = folder; name = juce_events; path = /Users/land00m/Documents/GitHub/JUCE/modules/juce_events; sourceTree = "<absolute>"; };
		6FE6EF4D489D53A90E408566 /* TEXTURE5.png */ /* TEXTURE5.png */ = {isa = PBXFileReference; lastKnownFileType = image.png; name = TEXTURE5.png; path = ../../Source/Assets/TEXTURE5.png; sourceTree = SOURCE_ROOT; };
		7073CBB4BF010D36F4D51FEE /* VST3 */ = {isa = PBXFileReference; explicitFileType = wrapper.cfbundle; includeInIndex = 0; path = exciter.vst3; sourceTree = BUILT_PRODUCTS_DIR; };
		72741D3AC107182A4BB6BC72 /* include_juce_audio_plugin_client_AU_2.mm */ /* include_juce_audio_plugin_client_AU_2.mm */ = {isa = PBXFileReference; lastKnownFileType = sourcecode.cpp.objcpp; name = include_juce_audio_plugin_client_AU_2.mm; path = ../../JuceLibraryCode/include_juce_audio_plugin_client_AU_2.mm; sourceTree = SOURCE_ROOT; };
		7656E869DE1DEBE8EA5C7078 /* OversamplingMenu.cpp */ /* OversamplingMenu.cpp */ = {isa = PBXFileReference; lastKnownFileType = sourcecode.cpp.cpp; name = OversamplingMenu.cpp; path = "../../Source/UI-Methods/OversamplingMenu.cpp"; sourceTree = SOURCE_ROOT; };
		7806CA08B5864482E1BF258E /* include_juce_audio_processors.mm */ /* include_juce_audio_processors.mm */ = {isa = PBXFileReference; lastKnownFileType = sourcecode.cpp.objcpp; name = include_juce_audio_processors.mm; path = ../../JuceLibraryCode/include_juce_audio_processors.mm; sourceTree = SOURCE_ROOT; };
		7B59412226165FE53EDDCF34 /* AU */ = {isa = PBXFileReference; explicitFileType = wrapper.cfbundle; includeInIndex = 0; path = exciter.component; sourceTree = BUILT_PRODUCTS_DIR; };
		7D0702E563BB2B3EA336FE86 /* Standalone Plugin */ = {isa = PBXFileReference; explicitFileType = wrapper.application; includeInIndex = 0; path = exciter.app; sourceTree = BUILT_PRODUCTS_DIR; };
		8658F07ABADE171A8627B090 /* include_juce_audio_utils.mm */ /* include_juce_audio_utils.mm */ = {isa = PBXFileReference; lastKnownFileType = sourcecode.cpp.objcpp; name = include_juce_audio_utils.mm; path = ../../JuceLibraryCode/include_juce_audio_utils.mm; sourceTree = SOURCE_ROOT; };
		86B77F6CA2BA49F97E3D5839 /* include_juce_gui_basics.mm */ /* include_juce_gui_basics.mm */ = {isa = PBXFileReference; lastKnownFileType = sourcecode.cpp.objcpp; name = include_juce_gui_basics.mm; path = ../../JuceLibraryCode/include_juce_gui_basics.mm; sourceTree = SOURCE_ROOT; };
		87235B7299096CB91DC1A9C1 /* include_viator_modules.cpp */ /* include_viator_modules.cpp */ = {isa = PBXFileReference; lastKnownFileType = sourcecode.cpp.cpp; name = include_viator_modules.cpp; path = ../../JuceLibraryCode/include_viator_modules.cpp; sourceTree = SOURCE_ROOT; };
		879DFDBAFFD25AFE3785027A /* pluginBackground.png */ /* pluginBackground.png */ = {isa = PBXFileReference; lastKnownFileType = image.png; name = pluginBackground.png; path = ../../Source/Assets/pluginBackground.png; sourceTree = SOURCE_ROOT; };
		934B404178465582031BF87B /* include_juce_audio_plugin_client_Standalone.cpp */ /* include_juce_audio_plugin_client_Standalone.cpp */ = {isa = PBXFileReference; lastKnownFileType = sourcecode.cpp.cpp; name = include_juce_audio_plugin_client_Standalone.cpp; path = ../../JuceLibraryCode/include_juce_audio_plugin_client_Standalone.cpp; sourceTree = SOURCE_ROOT; };
		9670A6CE00786BB47C317428 /* include_juce_data_structures.mm */ /* include_juce_data_structures.mm */ = {isa = PBXFileReference; lastKnownFileType = sourcecode.cpp.objcpp; name = include_juce_data_structures.mm; path = ../../JuceLibraryCode/include_juce_data_structures.mm; sourceTree = SOURCE_ROOT; };
		9693E35386EF67B647E19497 /* WebKit.framework */ /* WebKit.framework */ = {isa = PBXFileReference; lastKnownFileType = wrapper.framework; name = WebKit.framework; path = System/Library/Frameworks/WebKit.framework; sourceTree = SDKROOT; };
		99283BF7EBDC3BCDED642836 /* include_juce_audio_devices.mm */ /* include_juce_audio_devices.mm */ = {isa = PBXFileReference; lastKnownFileType = sourcecode.cpp.objcpp; name = include_juce_audio_devices.mm; path = ../../JuceLibraryCode/include_juce_audio_devices.mm; sourceTree = SOURCE_ROOT; };
		99E32F1044643974EFF83384 /* PluginEditor.cpp */ /* PluginEditor.cpp */ = {isa = PBXFileReference; lastKnownFileType = sourcecode.cpp.cpp; name = PluginEditor.cpp; path = ../../Source/PluginEditor.cpp; sourceTree = SOURCE_ROOT; };
		9E74B80316F20A5CA1606C02 /* JuceHeader.h */ /* JuceHeader.h */ = {isa = PBXFileReference; lastKnownFileType = sourcecode.c.h; name = JuceHeader.h; path = ../../JuceLibraryCode/JuceHeader.h; sourceTree = SOURCE_ROOT; };
		A21C74A94F006E8D1FA2AAED /* UI-Paint.cpp */ /* UI-Paint.cpp */ = {isa = PBXFileReference; lastKnownFileType = sourcecode.cpp.cpp; name = "UI-Paint.cpp"; path = "../../Source/UI-Methods/UI-Paint.cpp"; sourceTree = SOURCE_ROOT; };
		A2829FB4EABFDD93C5BD0285 /* CoreMIDI.framework */ /* CoreMIDI.framework */ = {isa = PBXFileReference; lastKnownFileType = wrapper.framework; name = CoreMIDI.framework; path = System/Library/Frameworks/CoreMIDI.framework; sourceTree = SDKROOT; };
		ABED64796D48643508644E68 /* juce_audio_devices */ /* juce_audio_devices */ = {isa = PBXFileReference; lastKnownFileType = folder; name = juce_audio_devices; path = /Users/land00m/Documents/GitHub/JUCE/modules/juce_audio_devices; sourceTree = "<absolute>"; };
		ACD206BA3B4BCFD72723F0B7 /* PluginProcessor.cpp */ /* PluginProcessor.cpp */ = {isa = PBXFileReference; lastKnownFileType = sourcecode.cpp.cpp; name = PluginProcessor.cpp; path = ../../Source/PluginProcessor.cpp; sourceTree = SOURCE_ROOT; };
		AD278834C6C829D3CBE3106E /* oscilloscope-01.png */ /* oscilloscope-01.png */ = {isa = PBXFileReference; lastKnownFileType = image.png; name = "oscilloscope-01.png"; path = "../../Source/Assets/oscilloscope-01.png"; sourceTree = SOURCE_ROOT; };
		AD64703A730DA84073CCC797 /* AudioToolbox.framework */ /* AudioToolbox.framework */ = {isa = PBXFileReference; lastKnownFileType = wrapper.framework; name = AudioToolbox.framework; path = System/Library/Frameworks/AudioToolbox.framework; sourceTree = SDKROOT; };
		B40E536858347EDB8E95959F /* Foundation.framework */ /* Foundation.framework */ = {isa = PBXFileReference; lastKnownFileType = wrapper.framework; name = Foundation.framework; path = System/Library/Frameworks/Foundation.framework; sourceTree = SDKROOT; };
		B821F6434A4E9735C7901EA0 /* Accelerate.framework */ /* Accelerate.framework */ = {isa = PBXFileReference; lastKnownFileType = wrapper.framework; name = Accelerate.framework; path = System/Library/Frameworks/Accelerate.framework; sourceTree = SDKROOT; };
		B97EFA367E5F31CB0BEC38F6 /* include_juce_audio_formats.mm */ /* include_juce_audio_formats.mm */ = {isa = PBXFileReference; lastKnownFileType = sourcecode.cpp.objcpp; name = include_juce_audio_formats.mm; path = ../../JuceLibraryCode/include_juce_audio_formats.mm; sourceTree = SOURCE_ROOT; };
		BB0C8C49B7A1A2DB34B4C81E /* include_juce_graphics.mm */ /* include_juce_graphics.mm */ = {isa = PBXFileReference; lastKnownFileType = sourcecode.cpp.objcpp; name = include_juce_graphics.mm; path = ../../JuceLibraryCode/include_juce_graphics.mm; sourceTree = SOURCE_ROOT; };
		BB346E24B7718835BE3BDD9A /* landon55-03.png */ /* landon55-03.png */ = {isa = PBXFileReference; lastKnownFileType = image.png; name = "landon55-03.png"; path = "../../Source/Assets/landon55-03.png"; sourceTree = SOURCE_ROOT; };
		BF7CDB515D8F7D84CC4FA744 /* juce_audio_basics */ /* juce_audio_basics */ = {isa = PBXFileReference; lastKnownFileType = folder; name = juce_audio_basics; path = /Users/land00m/Documents/GitHub/JUCE/modules/juce_audio_basics; sourceTree = "<absolute>"; };
		C32F5573285F17CE2C24F05A /* include_juce_gui_extra.mm */ /* include_juce_gui_extra.mm */ = {isa = PBXFileReference; lastKnownFileType = sourcecode.cpp.objcpp; name = include_juce_gui_extra.mm; path = ../../JuceLibraryCode/include_juce_gui_extra.mm; sourceTree = SOURCE_ROOT; };
		CA54C60D2CFB8D2B9E084FDD /* BinaryData.h */ /* BinaryData.h */ = {isa = PBXFileReference; lastKnownFileType = sourcecode.c.h; name = BinaryData.h; path = ../../JuceLibraryCode/BinaryData.h; sourceTree = SOURCE_ROOT; };
		CB7C9B3044F60153541BF955 /* AudioUnit.framework */ /* AudioUnit.framework */ = {isa = PBXFileReference; lastKnownFileType = wrapper.framework; name = AudioUnit.framework; path = System/Library/Frameworks/AudioUnit.framework; sourceTree = SDKROOT; };
		CD27801DD3314AA96E857BC6 /* include_juce_core.mm */ /* include_juce_core.mm */ = {isa = PBXFileReference; lastKnownFileType = sourcecode.cpp.objcpp; name = include_juce_core.mm; path = ../../JuceLibraryCode/include_juce_core.mm; sourceTree = SOURCE_ROOT; };
		CF0DA620C4713CB15F1CEEA5 /* LV_HeaderComponent.h */ /* LV_HeaderComponent.h */ = {isa = PBXFileReference; lastKnownFileType = sourcecode.c.h; name = LV_HeaderComponent.h; path = "../../Source/UI-Components/LV_HeaderComponent.h"; sourceTree = SOURCE_ROOT; };
		D1D414F89C0ECE01E863537E /* CoreAudioKit.framework */ /* CoreAudioKit.framework */ = {isa = PBXFileReference; lastKnownFileType = wrapper.framework; name = CoreAudioKit.framework; path = System/Library/Frameworks/CoreAudioKit.framework; sourceTree = SDKROOT; };
		D43B54E1CE6D67A2CE8D99D5 /* include_juce_audio_plugin_client_utils.cpp */ /* include_juce_audio_plugin_client_utils.cpp */ = {isa = PBXFileReference; lastKnownFileType = sourcecode.cpp.cpp; name = include_juce_audio_plugin_client_utils.cpp; path = ../../JuceLibraryCode/include_juce_audio_plugin_client_utils.cpp; sourceTree = SOURCE_ROOT; };
		D48F30CDCBDE10D3B93EC3A7 /* PluginProcessor.h */ /* PluginProcessor.h */ = {isa = PBXFileReference; lastKnownFileType = sourcecode.c.h; name = PluginProcessor.h; path = ../../Source/PluginProcessor.h; sourceTree = SOURCE_ROOT; };
		D7F6FB84CEA2FC6CB3327591 /* BinaryData4.cpp */ /* BinaryData4.cpp */ = {isa = PBXFileReference; lastKnownFileType = sourcecode.cpp.cpp; name = BinaryData4.cpp; path = ../../JuceLibraryCode/BinaryData4.cpp; sourceTree = SOURCE_ROOT; };
		D80F51C4A07DBD6ECE576A9F /* juce_gui_basics */ /* juce_gui_basics */ = {isa = PBXFileReference; lastKnownFileType = folder; name = juce_gui_basics; path = /Users/land00m/Documents/GitHub/JUCE/modules/juce_gui_basics; sourceTree = "<absolute>"; };
		DC220A2D00EE7D21D79D45A0 /* juce_audio_formats */ /* juce_audio_formats */ = {isa = PBXFileReference; lastKnownFileType = folder; name = juce_audio_formats; path = /Users/land00m/Documents/GitHub/JUCE/modules/juce_audio_formats; sourceTree = "<absolute>"; };
		DCED3C8D648FC2162416C498 /* Cocoa.framework */ /* Cocoa.framework */ = {isa = PBXFileReference; lastKnownFileType = wrapper.framework; name = Cocoa.framework; path = System/Library/Frameworks/Cocoa.framework; sourceTree = SDKROOT; };
		DD1BE7CBB635369A169E94B1 /* juce_dsp */ /* juce_dsp */ = {isa = PBXFileReference; lastKnownFileType = folder; name = juce_dsp; path = ../../../../JUCE/modules/juce_dsp; sourceTree = SOURCE_ROOT; };
		DD9758B7450E2C2824BFCB1D /* landon55-04.png */ /* landon55-04.png */ = {isa = PBXFileReference; lastKnownFileType = image.png; name = "landon55-04.png"; path = "../../Source/Assets/landon55-04.png"; sourceTree = SOURCE_ROOT; };
		DD9E96E5439C0EAEC3C8D0D4 /* BinaryData2.cpp */ /* BinaryData2.cpp */ = {isa = PBXFileReference; lastKnownFileType = sourcecode.cpp.cpp; name = BinaryData2.cpp; path = ../../JuceLibraryCode/BinaryData2.cpp; sourceTree = SOURCE_ROOT; };
		DEDF6817A6DF0BCFEF68CD1A /* RecentFilesMenuTemplate.nib */ /* RecentFilesMenuTemplate.nib */ = {isa = PBXFileReference; lastKnownFileType = file.nib; name = RecentFilesMenuTemplate.nib; path = RecentFilesMenuTemplate.nib; sourceTree = SOURCE_ROOT; };
		E270EA71D4311B8F90E4E978 /* juce_audio_processors */ /* juce_audio_processors */ = {isa = PBXFileReference; lastKnownFileType = folder; name = juce_audio_processors; path = /Users/land00m/Documents/GitHub/JUCE/modules/juce_audio_processors; sourceTree = "<absolute>"; };
		E87967BEF68C1B4EE832C46F /* QuartzCore.framework */ /* QuartzCore.framework */ = {isa = PBXFileReference; lastKnownFileType = wrapper.framework; name = QuartzCore.framework; path = System/Library/Frameworks/QuartzCore.framework; sourceTree = SDKROOT; };
		EA71581BA74F12FC15D77D37 /* include_juce_dsp.mm */ /* include_juce_dsp.mm */ = {isa = PBXFileReference; lastKnownFileType = sourcecode.cpp.objcpp; name = include_juce_dsp.mm; path = ../../JuceLibraryCode/include_juce_dsp.mm; sourceTree = SOURCE_ROOT; };
		EED0528149202364C2975E67 /* UI-SaveWindow.cpp */ /* UI-SaveWindow.cpp */ = {isa = PBXFileReference; lastKnownFileType = sourcecode.cpp.cpp; name = "UI-SaveWindow.cpp"; path = "../../Source/UI-Methods/UI-SaveWindow.cpp"; sourceTree = SOURCE_ROOT; };
		FAFC2F83DC1BE338FF960025 /* juce_data_structures */ /* juce_data_structures */ = {isa = PBXFileReference; lastKnownFileType = folder; name = juce_data_structures; path = /Users/land00m/Documents/GitHub/JUCE/modules/juce_data_structures; sourceTree = "<absolute>"; };
/* End PBXFileReference section */

/* Begin PBXFrameworksBuildPhase section */
		05C97926360ADAE69FA22D63 = {
			isa = PBXFrameworksBuildPhase;
			buildActionMask = 2147483647;
			files = (
				289FE1C2762AC9AF92F4056A,
				C4F72C3888EC056FEE2A6613,
				BFC36FC93191B0924A5A7890,
				EF1C8930DC2717E75D0D0A7F,
				3AC59604F5A1355683056A53,
				6B647FF637DA17A3D2F79537,
				9845B9343610437FF043AEF1,
				655A88EF862EFD536A4BCE87,
				3289CF4BD1F255D0C8987DD2,
				612D7C886DE49271382983FF,
				50F07CD2495F7874B34303A9,
				FF448FBA209BBF01B7CD3D88,
			);
			runOnlyForDeploymentPostprocessing = 0;
		};
		52AD81128C709B9F1FDDDE22 = {
			isa = PBXFrameworksBuildPhase;
			buildActionMask = 2147483647;
			files = (
				59272B6D8F177E209FFCB634,
				289FE1C2762AC9AF92F4056A,
				C4F72C3888EC056FEE2A6613,
				BFC36FC93191B0924A5A7890,
				EF1C8930DC2717E75D0D0A7F,
				3AC59604F5A1355683056A53,
				6B647FF637DA17A3D2F79537,
				9845B9343610437FF043AEF1,
				655A88EF862EFD536A4BCE87,
				3289CF4BD1F255D0C8987DD2,
				612D7C886DE49271382983FF,
				50F07CD2495F7874B34303A9,
				FF448FBA209BBF01B7CD3D88,
			);
			runOnlyForDeploymentPostprocessing = 0;
		};
		B71BC8260C1F359551D8CE9E = {
			isa = PBXFrameworksBuildPhase;
			buildActionMask = 2147483647;
			files = (
				289FE1C2762AC9AF92F4056A,
				C4F72C3888EC056FEE2A6613,
				BFC36FC93191B0924A5A7890,
				EF1C8930DC2717E75D0D0A7F,
				3AC59604F5A1355683056A53,
				6B647FF637DA17A3D2F79537,
				9845B9343610437FF043AEF1,
				655A88EF862EFD536A4BCE87,
				3289CF4BD1F255D0C8987DD2,
				612D7C886DE49271382983FF,
				50F07CD2495F7874B34303A9,
				FF448FBA209BBF01B7CD3D88,
			);
			runOnlyForDeploymentPostprocessing = 0;
		};
/* End PBXFrameworksBuildPhase section */

/* Begin PBXGroup section */
		09D539158DC8528D7C3094C9 /* UI-Methods */ = {
			isa = PBXGroup;
			children = (
				7656E869DE1DEBE8EA5C7078,
				56D8B6D6C09064F36D15FB99,
				2B7AF74471596C406AE0570F,
				A21C74A94F006E8D1FA2AAED,
				0A5078347DD9F9639A07922F,
				EED0528149202364C2975E67,
			);
			name = "UI-Methods";
			sourceTree = "<group>";
		};
		4963A21CB98677CFD2EA957F /* Source */ = {
			isa = PBXGroup;
			children = (
				ACD206BA3B4BCFD72723F0B7,
				D48F30CDCBDE10D3B93EC3A7,
				99E32F1044643974EFF83384,
				67E102052D61246A3D1CCACB,
			);
			name = Source;
			sourceTree = "<group>";
		};
		55350CDFE105BA74669AC430 /* JUCE Library Code */ = {
			isa = PBXGroup;
			children = (
				617BFD33BF75C547E2DB57FE,
				CA54C60D2CFB8D2B9E084FDD,
				DD9E96E5439C0EAEC3C8D0D4,
				350FCC586DA1621DDAC15492,
				D7F6FB84CEA2FC6CB3327591,
				30366E0161DCF60CD77DFD8A,
				68AC5173BABD86610DAE3729,
				99283BF7EBDC3BCDED642836,
				B97EFA367E5F31CB0BEC38F6,
				43DE00DB71C243CEF495961E,
				290611E1871BFB411DC114BA,
				72741D3AC107182A4BB6BC72,
				934B404178465582031BF87B,
				D43B54E1CE6D67A2CE8D99D5,
				599BD3207E83EFCD2DC727A3,
				18E8BEDE535E18E2F00CF144,
				7806CA08B5864482E1BF258E,
				8658F07ABADE171A8627B090,
				CD27801DD3314AA96E857BC6,
				9670A6CE00786BB47C317428,
				EA71581BA74F12FC15D77D37,
				3859E4025CCAE624BE8D8A30,
				BB0C8C49B7A1A2DB34B4C81E,
				86B77F6CA2BA49F97E3D5839,
				C32F5573285F17CE2C24F05A,
				87235B7299096CB91DC1A9C1,
				9E74B80316F20A5CA1606C02,
				68D9EC63AC0987D48A6B6F85,
			);
			name = "JUCE Library Code";
			sourceTree = "<group>";
		};
		71C0E7A9D41A45EE83326B09 /* Assets */ = {
			isa = PBXGroup;
			children = (
				1071752E97E57D590C55FFD8,
				BB346E24B7718835BE3BDD9A,
				DD9758B7450E2C2824BFCB1D,
				AD278834C6C829D3CBE3106E,
				879DFDBAFFD25AFE3785027A,
				2D025BB4FD8E5C917E5BF015,
				10033385098527B680EA55E7,
				6FE6EF4D489D53A90E408566,
			);
			name = Assets;
			sourceTree = "<group>";
		};
		86121F12B881E1FAA6147E4C /* Resources */ = {
			isa = PBXGroup;
			children = (
				0D990EFF97355EFC8458EA62,
				2ABE06945A3A0AD8BEFB3721,
				1460F55D878F6DC62D867C60,
				DEDF6817A6DF0BCFEF68CD1A,
			);
			name = Resources;
			sourceTree = "<group>";
		};
		A0024BE9FD5FF63754B3B248 /* Products */ = {
			isa = PBXGroup;
			children = (
				7073CBB4BF010D36F4D51FEE,
				7B59412226165FE53EDDCF34,
				7D0702E563BB2B3EA336FE86,
				047267A1EDC040C7D653D252,
			);
			name = Products;
			sourceTree = "<group>";
		};
		B2F0A4B7F40710F4A08F79D2 /* Stimulate */ = {
			isa = PBXGroup;
			children = (
				71C0E7A9D41A45EE83326B09,
				4963A21CB98677CFD2EA957F,
				EEA8CE90459D6C5F5CB46C9C,
				09D539158DC8528D7C3094C9,
			);
			name = Stimulate;
			sourceTree = "<group>";
		};
		B9E8AE3FDE519B99503D1FA1 /* Source */ = {
			isa = PBXGroup;
			children = (
				B2F0A4B7F40710F4A08F79D2,
				E0DA1BF159237D11261B421D,
				55350CDFE105BA74669AC430,
				86121F12B881E1FAA6147E4C,
				ECDB0EEA20DD1E9F64764AEC,
				A0024BE9FD5FF63754B3B248,
			);
			name = Source;
			sourceTree = "<group>";
		};
		E0DA1BF159237D11261B421D /* JUCE Modules */ = {
			isa = PBXGroup;
			children = (
				BF7CDB515D8F7D84CC4FA744,
				ABED64796D48643508644E68,
				DC220A2D00EE7D21D79D45A0,
				05E03507C2E6F497F415BDEC,
				E270EA71D4311B8F90E4E978,
				3BDA67C71C9147DB7C388213,
				571222C4999222BBC98340AA,
				FAFC2F83DC1BE338FF960025,
				DD1BE7CBB635369A169E94B1,
				6D95B93A72DECD6D1ED138B7,
				1B6E8ED0C0BCC88119F2E64C,
				D80F51C4A07DBD6ECE576A9F,
				1E481C2090B4CB91414F702C,
				16DE79417D8C3070802B036D,
			);
			name = "JUCE Modules";
			sourceTree = "<group>";
		};
		ECDB0EEA20DD1E9F64764AEC /* Frameworks */ = {
			isa = PBXGroup;
			children = (
				CB7C9B3044F60153541BF955,
				B821F6434A4E9735C7901EA0,
				AD64703A730DA84073CCC797,
				1B6BC233F493FC338C40EF42,
				DCED3C8D648FC2162416C498,
				5EA68C1F5BE28095ABC34E63,
				D1D414F89C0ECE01E863537E,
				A2829FB4EABFDD93C5BD0285,
				543EC7CE609F8A6209649A77,
				B40E536858347EDB8E95959F,
				3C8B0ECC8B678A36786F1693,
				E87967BEF68C1B4EE832C46F,
				9693E35386EF67B647E19497,
			);
			name = Frameworks;
			sourceTree = "<group>";
		};
		EEA8CE90459D6C5F5CB46C9C /* UI-Components */ = {
			isa = PBXGroup;
			children = (
				04DDCBCE3B879806AFF93FEC,
				CF0DA620C4713CB15F1CEEA5,
			);
			name = "UI-Components";
			sourceTree = "<group>";
		};
/* End PBXGroup section */

/* Begin PBXNativeTarget section */
		246D97F7F16D9271D80BBC2F /* Stimulate - AU */ = {
			isa = PBXNativeTarget;
			buildConfigurationList = A8EB03D37A7352CB9366AEA2;
			buildPhases = (
				CFF4C0A4BABB8DAA79209F14,
				DA6AFB97FD2395F0A24E5CB2,
				E0DF30A2940EB4D42F5696A2,
				52AD81128C709B9F1FDDDE22,
			);
			buildRules = (
			);
			dependencies = (
				CB6DAB1F074272BA8FF7C316,
			);
			name = "Stimulate - AU";
			productName = Stimulate;
			productReference = 7B59412226165FE53EDDCF34;
			productType = "com.apple.product-type.bundle";
		};
		5B6FDD0521EB83BC952434A6 /* Stimulate - Shared Code */ = {
			isa = PBXNativeTarget;
			buildConfigurationList = C686467172E244B9121B8894;
			buildPhases = (
				6C8853E86CA4FE4977AC2543,
			);
			buildRules = (
			);
			dependencies = (
			);
			name = "Stimulate - Shared Code";
			productName = Stimulate;
			productReference = 047267A1EDC040C7D653D252;
			productType = "com.apple.product-type.library.static";
		};
		C5A4D636C18B94F3756680B9 /* Stimulate - Standalone Plugin */ = {
			isa = PBXNativeTarget;
			buildConfigurationList = 3E667BE8042C2DF1BC78F639;
			buildPhases = (
				07AFDC238F5611EB83E690F2,
				0F3DC184176CE198BCBA93C0,
				B71BC8260C1F359551D8CE9E,
			);
			buildRules = (
			);
			dependencies = (
				781ED1FD69A45DB2FAA10DF1,
			);
			name = "Stimulate - Standalone Plugin";
			productName = Stimulate;
			productReference = 7D0702E563BB2B3EA336FE86;
			productType = "com.apple.product-type.application";
		};
		F7764A348C331003A4AD526A /* Stimulate - VST3 */ = {
			isa = PBXNativeTarget;
			buildConfigurationList = 887F908EBC157C6EA0F5475A;
			buildPhases = (
				2219E304723F985D9F832A06,
				C7CE60DE6A1C48BA8FA7D38B,
				05C97926360ADAE69FA22D63,
			);
			buildRules = (
			);
			dependencies = (
				5A7C50A0B1BF31993AD1C13F,
			);
			name = "Stimulate - VST3";
			productName = Stimulate;
			productReference = 7073CBB4BF010D36F4D51FEE;
			productType = "com.apple.product-type.bundle";
		};
/* End PBXNativeTarget section */

/* Begin PBXProject section */
		8EAECC410BA132A797349943 = {
			isa = PBXProject;
			attributes = {
				LastUpgradeCheck = 1300;
				ORGANIZATIONNAME = "Viator DSP";
				TargetAttributes = {
					246D97F7F16D9271D80BBC2F = {
						SystemCapabilities = {
							com.apple.ApplicationGroups.iOS = {
								enabled = 0;
							};
							com.apple.HardenedRuntime = {
								enabled = 0;
							};
							com.apple.InAppPurchase = {
								enabled = 0;
							};
							com.apple.InterAppAudio = {
								enabled = 0;
							};
							com.apple.Push = {
								enabled = 0;
							};
							com.apple.Sandbox = {
								enabled = 0;
							};
						};
					};
					5B6FDD0521EB83BC952434A6 = {
						SystemCapabilities = {
							com.apple.ApplicationGroups.iOS = {
								enabled = 0;
							};
							com.apple.HardenedRuntime = {
								enabled = 0;
							};
							com.apple.InAppPurchase = {
								enabled = 0;
							};
							com.apple.InterAppAudio = {
								enabled = 0;
							};
							com.apple.Push = {
								enabled = 0;
							};
							com.apple.Sandbox = {
								enabled = 0;
							};
						};
					};
					9C80C9ADF3860A7C984D32C8 = {
						SystemCapabilities = {
							com.apple.ApplicationGroups.iOS = {
								enabled = 0;
							};
							com.apple.HardenedRuntime = {
								enabled = 0;
							};
							com.apple.InAppPurchase = {
								enabled = 0;
							};
							com.apple.InterAppAudio = {
								enabled = 0;
							};
							com.apple.Push = {
								enabled = 0;
							};
							com.apple.Sandbox = {
								enabled = 0;
							};
						};
					};
					C5A4D636C18B94F3756680B9 = {
						SystemCapabilities = {
							com.apple.ApplicationGroups.iOS = {
								enabled = 0;
							};
							com.apple.HardenedRuntime = {
								enabled = 0;
							};
							com.apple.InAppPurchase = {
								enabled = 0;
							};
							com.apple.InterAppAudio = {
								enabled = 0;
							};
							com.apple.Push = {
								enabled = 0;
							};
							com.apple.Sandbox = {
								enabled = 0;
							};
						};
					};
					F7764A348C331003A4AD526A = {
						SystemCapabilities = {
							com.apple.ApplicationGroups.iOS = {
								enabled = 0;
							};
							com.apple.HardenedRuntime = {
								enabled = 0;
							};
							com.apple.InAppPurchase = {
								enabled = 0;
							};
							com.apple.InterAppAudio = {
								enabled = 0;
							};
							com.apple.Push = {
								enabled = 0;
							};
							com.apple.Sandbox = {
								enabled = 0;
							};
						};
					};
				};
			};
			buildConfigurationList = 3FC8A877130548D51CF809F4;
			compatibilityVersion = "Xcode 3.2";
			hasScannedForEncodings = 0;
			knownRegions = (
				en,
				Base,
			);
			mainGroup = B9E8AE3FDE519B99503D1FA1;
			projectDirPath = "";
			projectRoot = "";
			targets = (
				9C80C9ADF3860A7C984D32C8,
				F7764A348C331003A4AD526A,
				246D97F7F16D9271D80BBC2F,
				C5A4D636C18B94F3756680B9,
				5B6FDD0521EB83BC952434A6,
			);
		};
/* End PBXProject section */

/* Begin PBXResourcesBuildPhase section */
		07AFDC238F5611EB83E690F2 = {
			isa = PBXResourcesBuildPhase;
			buildActionMask = 2147483647;
			files = (
				5189ED344A9DEA4924E0C05B,
			);
			runOnlyForDeploymentPostprocessing = 0;
		};
		2219E304723F985D9F832A06 = {
			isa = PBXResourcesBuildPhase;
			buildActionMask = 2147483647;
			files = (
				5189ED344A9DEA4924E0C05B,
			);
			runOnlyForDeploymentPostprocessing = 0;
		};
		CFF4C0A4BABB8DAA79209F14 = {
			isa = PBXResourcesBuildPhase;
			buildActionMask = 2147483647;
			files = (
				5189ED344A9DEA4924E0C05B,
			);
			runOnlyForDeploymentPostprocessing = 0;
		};
/* End PBXResourcesBuildPhase section */

/* Begin PBXRezBuildPhase section */
		DA6AFB97FD2395F0A24E5CB2 = {
			isa = PBXRezBuildPhase;
			buildActionMask = 2147483647;
			files = (
				AEDF8BC44D1D18823CE262DA,
			);
			runOnlyForDeploymentPostprocessing = 0;
		};
/* End PBXRezBuildPhase section */

/* Begin PBXSourcesBuildPhase section */
		0F3DC184176CE198BCBA93C0 = {
			isa = PBXSourcesBuildPhase;
			buildActionMask = 2147483647;
			files = (
				4445158C3E8D47EA787F40CC,
			);
			runOnlyForDeploymentPostprocessing = 0;
		};
		6C8853E86CA4FE4977AC2543 = {
			isa = PBXSourcesBuildPhase;
			buildActionMask = 2147483647;
			files = (
				338F5F19F31889697607B763,
				E63966838BBCD6415248DCE5,
				5CC3132EDF8AF4D6D34F0FAB,
				6D67E736CE0B22080FED0B43,
				221F4C3F69411812EE03BEEF,
				7E5514DDA609402AF1240545,
				A60890D265C502F5097997E6,
				23DA4FF1DCE71711453C83E4,
				94B1359C05DDC5ACB686A5B9,
				80B58951EB544353A7FF8CFA,
				7AF84DDD7EAD5AB536962047,
				74FDABA134A3BE6ACC9A451D,
				E3886E246EF922B889EB19A8,
				526D5BC88FDF04CCEECF89B1,
				3FED34630A0C807B21A327FC,
				5019316510A76987D474A6E9,
				E91D35B8F166B3267A0BDC31,
				F3F470C031B3541779BCFFE3,
				613E7CF7BCE5961633D16673,
				BB7D3EF60074CB548735D25B,
				8E0FD7C9620A224FA84838E7,
				20F9B8999CA34D79251A1838,
				3EA4C54706DC82771F8DAE78,
				EDFF3292CA3B92DE5A34FBB0,
				810E79DAC6B2552A36F56677,
				DE4AC7D5DD18B6D3EA7803BF,
				AC37217723679F7A8DC93F6D,
				7FD1724227B34138E1BA0931,
				E449523A66B0688325CDE9A1,
			);
			runOnlyForDeploymentPostprocessing = 0;
		};
		C7CE60DE6A1C48BA8FA7D38B = {
			isa = PBXSourcesBuildPhase;
			buildActionMask = 2147483647;
			files = (
				8CF74E8FE9759F04211A2974,
			);
			runOnlyForDeploymentPostprocessing = 0;
		};
		E0DF30A2940EB4D42F5696A2 = {
			isa = PBXSourcesBuildPhase;
			buildActionMask = 2147483647;
			files = (
				A293621C8C4870CB588D542B,
				356CA5659615D627E7527969,
			);
			runOnlyForDeploymentPostprocessing = 0;
		};
/* End PBXSourcesBuildPhase section */

/* Begin PBXTargetDependency section */
		2C4FC26089705E226C3A6977 = {
			isa = PBXTargetDependency;
			target = C5A4D636C18B94F3756680B9;
		};
		5A7C50A0B1BF31993AD1C13F = {
			isa = PBXTargetDependency;
			target = 5B6FDD0521EB83BC952434A6;
		};
		781ED1FD69A45DB2FAA10DF1 = {
			isa = PBXTargetDependency;
			target = 5B6FDD0521EB83BC952434A6;
		};
		80CDB9918E4E66C071213243 = {
			isa = PBXTargetDependency;
			target = 246D97F7F16D9271D80BBC2F;
		};
		82A8DAD06C5F04DFD7E49D61 = {
			isa = PBXTargetDependency;
			target = 5B6FDD0521EB83BC952434A6;
		};
		904AF788E092374259C62119 = {
			isa = PBXTargetDependency;
			target = F7764A348C331003A4AD526A;
		};
		CB6DAB1F074272BA8FF7C316 = {
			isa = PBXTargetDependency;
			target = 5B6FDD0521EB83BC952434A6;
		};
/* End PBXTargetDependency section */

/* Begin XCBuildConfiguration section */
		1EBB05A9A460D26F94471D98 /* Release */ = {
			isa = XCBuildConfiguration;
			buildSettings = {
				MACOSX_DEPLOYMENT_TARGET = 10.11;
				SDKROOT = macosx;
			};
			name = Release;
		};
		30C9B44A986D09F7B31C54D7 /* Debug */ = {
			isa = XCBuildConfiguration;
			buildSettings = {
				CLANG_CXX_LANGUAGE_STANDARD = "c++14";
				CLANG_CXX_LIBRARY = "libc++";
				CLANG_LINK_OBJC_RUNTIME = NO;
				CODE_SIGN_IDENTITY = "";
				COMBINE_HIDPI_IMAGES = YES;
				CONFIGURATION_BUILD_DIR = "$(PROJECT_DIR)/build/$(CONFIGURATION)";
				COPY_PHASE_STRIP = NO;
				GCC_DYNAMIC_NO_PIC = NO;
				GCC_OPTIMIZATION_LEVEL = 0;
				GCC_PREPROCESSOR_DEFINITIONS = (
					"_DEBUG=1",
					"DEBUG=1",
					"JUCE_DISPLAY_SPLASH_SCREEN=0",
					"JUCE_USE_DARK_SPLASH_SCREEN=1",
					"JUCE_PROJUCER_VERSION=0x60102",
					"JUCE_MODULE_AVAILABLE_juce_audio_basics=1",
					"JUCE_MODULE_AVAILABLE_juce_audio_devices=1",
					"JUCE_MODULE_AVAILABLE_juce_audio_formats=1",
					"JUCE_MODULE_AVAILABLE_juce_audio_plugin_client=1",
					"JUCE_MODULE_AVAILABLE_juce_audio_processors=1",
					"JUCE_MODULE_AVAILABLE_juce_audio_utils=1",
					"JUCE_MODULE_AVAILABLE_juce_core=1",
					"JUCE_MODULE_AVAILABLE_juce_data_structures=1",
					"JUCE_MODULE_AVAILABLE_juce_dsp=1",
					"JUCE_MODULE_AVAILABLE_juce_events=1",
					"JUCE_MODULE_AVAILABLE_juce_graphics=1",
					"JUCE_MODULE_AVAILABLE_juce_gui_basics=1",
					"JUCE_MODULE_AVAILABLE_juce_gui_extra=1",
					"JUCE_MODULE_AVAILABLE_viator_modules=1",
					"JUCE_GLOBAL_MODULE_SETTINGS_INCLUDED=1",
					"JUCE_VST3_CAN_REPLACE_VST2=0",
					"JUCE_STRICT_REFCOUNTEDPOINTER=1",
					"JucePlugin_Build_VST=0",
					"JucePlugin_Build_VST3=0",
					"JucePlugin_Build_AU=0",
					"JucePlugin_Build_AUv3=0",
					"JucePlugin_Build_RTAS=0",
					"JucePlugin_Build_AAX=0",
					"JucePlugin_Build_Standalone=1",
					"JucePlugin_Build_Unity=0",
					"JucePlugin_Enable_IAA=0",
					"JucePlugin_Name=\\\"Stimulate\\\"",
					"JucePlugin_Desc=\\\"Stimulate\\\"",
					"JucePlugin_Manufacturer=\\\"Viator\\ DSP\\\"",
					"JucePlugin_ManufacturerWebsite=\\\"\\\"",
					"JucePlugin_ManufacturerEmail=\\\"\\\"",
					"JucePlugin_ManufacturerCode=0x4d616e75",
					"JucePlugin_PluginCode=0x4f696873",
					"JucePlugin_IsSynth=0",
					"JucePlugin_WantsMidiInput=0",
					"JucePlugin_ProducesMidiOutput=0",
					"JucePlugin_IsMidiEffect=0",
					"JucePlugin_EditorRequiresKeyboardFocus=0",
					"JucePlugin_Version=1.0.0",
					"JucePlugin_VersionCode=0x10000",
					"JucePlugin_VersionString=\\\"1.0.0\\\"",
					"JucePlugin_VSTUniqueID=JucePlugin_PluginCode",
					"JucePlugin_VSTCategory=kPlugCategEffect",
					"JucePlugin_Vst3Category=\\\"Fx\\\"",
					"JucePlugin_AUMainType='aufx'",
					"JucePlugin_AUSubType=JucePlugin_PluginCode",
					"JucePlugin_AUExportPrefix=StimulateAU",
					"JucePlugin_AUExportPrefixQuoted=\\\"StimulateAU\\\"",
					"JucePlugin_AUManufacturerCode=JucePlugin_ManufacturerCode",
					"JucePlugin_CFBundleIdentifier=com.ViatorDSP.Stimulate",
					"JucePlugin_RTASCategory=0",
					"JucePlugin_RTASManufacturerCode=JucePlugin_ManufacturerCode",
					"JucePlugin_RTASProductId=JucePlugin_PluginCode",
					"JucePlugin_RTASDisableBypass=0",
					"JucePlugin_RTASDisableMultiMono=0",
					"JucePlugin_AAXIdentifier=com.ViatorDSP.Stimulate",
					"JucePlugin_AAXManufacturerCode=JucePlugin_ManufacturerCode",
					"JucePlugin_AAXProductId=JucePlugin_PluginCode",
					"JucePlugin_AAXCategory=0",
					"JucePlugin_AAXDisableBypass=0",
					"JucePlugin_AAXDisableMultiMono=0",
					"JucePlugin_IAAType=0x61757278",
					"JucePlugin_IAASubType=JucePlugin_PluginCode",
					"JucePlugin_IAAName=\\\"Viator\\ DSP:\\ Stimulate\\\"",
					"JucePlugin_VSTNumMidiInputs=16",
					"JucePlugin_VSTNumMidiOutputs=16",
					"JUCE_STANDALONE_APPLICATION=JucePlugin_Build_Standalone",
					"JUCER_XCODE_MAC_F6D2F4CF=1",
					"JUCE_APP_VERSION=1.0.0",
					"JUCE_APP_VERSION_HEX=0x10000",
				);
				GCC_VERSION = com.apple.compilers.llvm.clang.1_0;
				HEADER_SEARCH_PATHS = (
					"/Users/land00m/Documents/GitHub/JUCE/modules/juce_audio_processors/format_types/VST3_SDK",
					"$(SRCROOT)/../../JuceLibraryCode",
					"/Users/land00m/Documents/GitHub/JUCE/modules",
					"$(SRCROOT)/../../../../JUCE/modules",
					"$(SRCROOT)/../../../../viatordsp",
					"/Users/land00m/Documents/GitHub/JUCE/modules/juce_audio_plugin_client",
					"$(inherited)",
				);
				INFOPLIST_FILE = Info-Standalone_Plugin.plist;
				INFOPLIST_PREPROCESS = NO;
				MACOSX_DEPLOYMENT_TARGET = 10.11;
				MTL_HEADER_SEARCH_PATHS = "/Users/land00m/Documents/GitHub/JUCE/modules/juce_audio_processors/format_types/VST3_SDK $(SRCROOT)/../../JuceLibraryCode /Users/land00m/Documents/GitHub/JUCE/modules $(SRCROOT)/../../../../JUCE/modules $(SRCROOT)/../../../../viatordsp /Users/land00m/Documents/GitHub/JUCE/modules/juce_audio_plugin_client";
				OTHER_LDFLAGS = "-lexciter";
				PRODUCT_BUNDLE_IDENTIFIER = com.ViatorDSP.Stimulate;
				PRODUCT_NAME = "exciter";
				USE_HEADERMAP = NO;
				VALID_ARCHS = "i386 x86_64 arm64 arm64e";
			};
			name = Debug;
		};
		33B85F923AD1C64893527AAF /* Debug */ = {
			isa = XCBuildConfiguration;
			buildSettings = {
				CLANG_CXX_LANGUAGE_STANDARD = "c++14";
				CLANG_CXX_LIBRARY = "libc++";
				CLANG_LINK_OBJC_RUNTIME = NO;
				CODE_SIGN_IDENTITY = "";
				COMBINE_HIDPI_IMAGES = YES;
				CONFIGURATION_BUILD_DIR = "$(PROJECT_DIR)/build/$(CONFIGURATION)";
				COPY_PHASE_STRIP = NO;
				GCC_DYNAMIC_NO_PIC = NO;
				GCC_OPTIMIZATION_LEVEL = 0;
				GCC_PREPROCESSOR_DEFINITIONS = (
					"_DEBUG=1",
					"DEBUG=1",
					"JUCE_DISPLAY_SPLASH_SCREEN=0",
					"JUCE_USE_DARK_SPLASH_SCREEN=1",
					"JUCE_PROJUCER_VERSION=0x60102",
					"JUCE_MODULE_AVAILABLE_juce_audio_basics=1",
					"JUCE_MODULE_AVAILABLE_juce_audio_devices=1",
					"JUCE_MODULE_AVAILABLE_juce_audio_formats=1",
					"JUCE_MODULE_AVAILABLE_juce_audio_plugin_client=1",
					"JUCE_MODULE_AVAILABLE_juce_audio_processors=1",
					"JUCE_MODULE_AVAILABLE_juce_audio_utils=1",
					"JUCE_MODULE_AVAILABLE_juce_core=1",
					"JUCE_MODULE_AVAILABLE_juce_data_structures=1",
					"JUCE_MODULE_AVAILABLE_juce_dsp=1",
					"JUCE_MODULE_AVAILABLE_juce_events=1",
					"JUCE_MODULE_AVAILABLE_juce_graphics=1",
					"JUCE_MODULE_AVAILABLE_juce_gui_basics=1",
					"JUCE_MODULE_AVAILABLE_juce_gui_extra=1",
					"JUCE_MODULE_AVAILABLE_viator_modules=1",
					"JUCE_GLOBAL_MODULE_SETTINGS_INCLUDED=1",
					"JUCE_VST3_CAN_REPLACE_VST2=0",
					"JUCE_STRICT_REFCOUNTEDPOINTER=1",
					"JucePlugin_Build_VST=0",
					"JucePlugin_Build_VST3=1",
					"JucePlugin_Build_AU=1",
					"JucePlugin_Build_AUv3=0",
					"JucePlugin_Build_RTAS=0",
					"JucePlugin_Build_AAX=0",
					"JucePlugin_Build_Standalone=1",
					"JucePlugin_Build_Unity=0",
					"JucePlugin_Enable_IAA=0",
					"JucePlugin_Name=\\\"Stimulate\\\"",
					"JucePlugin_Desc=\\\"Stimulate\\\"",
					"JucePlugin_Manufacturer=\\\"Viator\\ DSP\\\"",
					"JucePlugin_ManufacturerWebsite=\\\"\\\"",
					"JucePlugin_ManufacturerEmail=\\\"\\\"",
					"JucePlugin_ManufacturerCode=0x4d616e75",
					"JucePlugin_PluginCode=0x4f696873",
					"JucePlugin_IsSynth=0",
					"JucePlugin_WantsMidiInput=0",
					"JucePlugin_ProducesMidiOutput=0",
					"JucePlugin_IsMidiEffect=0",
					"JucePlugin_EditorRequiresKeyboardFocus=0",
					"JucePlugin_Version=1.0.0",
					"JucePlugin_VersionCode=0x10000",
					"JucePlugin_VersionString=\\\"1.0.0\\\"",
					"JucePlugin_VSTUniqueID=JucePlugin_PluginCode",
					"JucePlugin_VSTCategory=kPlugCategEffect",
					"JucePlugin_Vst3Category=\\\"Fx\\\"",
					"JucePlugin_AUMainType='aufx'",
					"JucePlugin_AUSubType=JucePlugin_PluginCode",
					"JucePlugin_AUExportPrefix=StimulateAU",
					"JucePlugin_AUExportPrefixQuoted=\\\"StimulateAU\\\"",
					"JucePlugin_AUManufacturerCode=JucePlugin_ManufacturerCode",
					"JucePlugin_CFBundleIdentifier=com.ViatorDSP.Stimulate",
					"JucePlugin_RTASCategory=0",
					"JucePlugin_RTASManufacturerCode=JucePlugin_ManufacturerCode",
					"JucePlugin_RTASProductId=JucePlugin_PluginCode",
					"JucePlugin_RTASDisableBypass=0",
					"JucePlugin_RTASDisableMultiMono=0",
					"JucePlugin_AAXIdentifier=com.ViatorDSP.Stimulate",
					"JucePlugin_AAXManufacturerCode=JucePlugin_ManufacturerCode",
					"JucePlugin_AAXProductId=JucePlugin_PluginCode",
					"JucePlugin_AAXCategory=0",
					"JucePlugin_AAXDisableBypass=0",
					"JucePlugin_AAXDisableMultiMono=0",
					"JucePlugin_IAAType=0x61757278",
					"JucePlugin_IAASubType=JucePlugin_PluginCode",
					"JucePlugin_IAAName=\\\"Viator\\ DSP:\\ Stimulate\\\"",
					"JucePlugin_VSTNumMidiInputs=16",
					"JucePlugin_VSTNumMidiOutputs=16",
					"JUCE_STANDALONE_APPLICATION=JucePlugin_Build_Standalone",
					"JUCER_XCODE_MAC_F6D2F4CF=1",
					"JUCE_APP_VERSION=1.0.0",
					"JUCE_APP_VERSION_HEX=0x10000",
					"JUCE_SHARED_CODE=1",
				);
				GCC_VERSION = com.apple.compilers.llvm.clang.1_0;
				HEADER_SEARCH_PATHS = (
					"/Users/land00m/Documents/GitHub/JUCE/modules/juce_audio_processors/format_types/VST3_SDK",
					"$(SRCROOT)/../../JuceLibraryCode",
					"/Users/land00m/Documents/GitHub/JUCE/modules",
					"$(SRCROOT)/../../../../JUCE/modules",
					"$(SRCROOT)/../../../../viatordsp",
					"/Users/land00m/Documents/GitHub/JUCE/modules/juce_audio_plugin_client",
					"$(inherited)",
				);
				INSTALL_PATH = "@executable_path/../Frameworks";
				MACOSX_DEPLOYMENT_TARGET = 10.11;
				MTL_HEADER_SEARCH_PATHS = "/Users/land00m/Documents/GitHub/JUCE/modules/juce_audio_processors/format_types/VST3_SDK $(SRCROOT)/../../JuceLibraryCode /Users/land00m/Documents/GitHub/JUCE/modules $(SRCROOT)/../../../../JUCE/modules $(SRCROOT)/../../../../viatordsp /Users/land00m/Documents/GitHub/JUCE/modules/juce_audio_plugin_client";
				PRODUCT_BUNDLE_IDENTIFIER = com.ViatorDSP.Stimulate;
				PRODUCT_NAME = "exciter";
				SKIP_INSTALL = YES;
				USE_HEADERMAP = NO;
				VALID_ARCHS = "i386 x86_64 arm64 arm64e";
			};
			name = Debug;
		};
		479054C11869600CE9E65FFC /* Debug */ = {
			isa = XCBuildConfiguration;
			buildSettings = {
				CLANG_CXX_LANGUAGE_STANDARD = "c++14";
				CLANG_CXX_LIBRARY = "libc++";
				CLANG_LINK_OBJC_RUNTIME = NO;
				CODE_SIGN_IDENTITY = "";
				COMBINE_HIDPI_IMAGES = YES;
				CONFIGURATION_BUILD_DIR = "$(PROJECT_DIR)/build/$(CONFIGURATION)";
				COPY_PHASE_STRIP = NO;
				DEPLOYMENT_LOCATION = YES;
				DSTROOT = /;
				GCC_DYNAMIC_NO_PIC = NO;
				GCC_OPTIMIZATION_LEVEL = 0;
				GCC_PREPROCESSOR_DEFINITIONS = (
					"_DEBUG=1",
					"DEBUG=1",
					"JUCE_DISPLAY_SPLASH_SCREEN=0",
					"JUCE_USE_DARK_SPLASH_SCREEN=1",
					"JUCE_PROJUCER_VERSION=0x60102",
					"JUCE_MODULE_AVAILABLE_juce_audio_basics=1",
					"JUCE_MODULE_AVAILABLE_juce_audio_devices=1",
					"JUCE_MODULE_AVAILABLE_juce_audio_formats=1",
					"JUCE_MODULE_AVAILABLE_juce_audio_plugin_client=1",
					"JUCE_MODULE_AVAILABLE_juce_audio_processors=1",
					"JUCE_MODULE_AVAILABLE_juce_audio_utils=1",
					"JUCE_MODULE_AVAILABLE_juce_core=1",
					"JUCE_MODULE_AVAILABLE_juce_data_structures=1",
					"JUCE_MODULE_AVAILABLE_juce_dsp=1",
					"JUCE_MODULE_AVAILABLE_juce_events=1",
					"JUCE_MODULE_AVAILABLE_juce_graphics=1",
					"JUCE_MODULE_AVAILABLE_juce_gui_basics=1",
					"JUCE_MODULE_AVAILABLE_juce_gui_extra=1",
					"JUCE_MODULE_AVAILABLE_viator_modules=1",
					"JUCE_GLOBAL_MODULE_SETTINGS_INCLUDED=1",
					"JUCE_VST3_CAN_REPLACE_VST2=0",
					"JUCE_STRICT_REFCOUNTEDPOINTER=1",
					"JucePlugin_Build_VST=0",
					"JucePlugin_Build_VST3=1",
					"JucePlugin_Build_AU=0",
					"JucePlugin_Build_AUv3=0",
					"JucePlugin_Build_RTAS=0",
					"JucePlugin_Build_AAX=0",
					"JucePlugin_Build_Standalone=0",
					"JucePlugin_Build_Unity=0",
					"JucePlugin_Enable_IAA=0",
					"JucePlugin_Name=\\\"Stimulate\\\"",
					"JucePlugin_Desc=\\\"Stimulate\\\"",
					"JucePlugin_Manufacturer=\\\"Viator\\ DSP\\\"",
					"JucePlugin_ManufacturerWebsite=\\\"\\\"",
					"JucePlugin_ManufacturerEmail=\\\"\\\"",
					"JucePlugin_ManufacturerCode=0x4d616e75",
					"JucePlugin_PluginCode=0x4f696873",
					"JucePlugin_IsSynth=0",
					"JucePlugin_WantsMidiInput=0",
					"JucePlugin_ProducesMidiOutput=0",
					"JucePlugin_IsMidiEffect=0",
					"JucePlugin_EditorRequiresKeyboardFocus=0",
					"JucePlugin_Version=1.0.0",
					"JucePlugin_VersionCode=0x10000",
					"JucePlugin_VersionString=\\\"1.0.0\\\"",
					"JucePlugin_VSTUniqueID=JucePlugin_PluginCode",
					"JucePlugin_VSTCategory=kPlugCategEffect",
					"JucePlugin_Vst3Category=\\\"Fx\\\"",
					"JucePlugin_AUMainType='aufx'",
					"JucePlugin_AUSubType=JucePlugin_PluginCode",
					"JucePlugin_AUExportPrefix=StimulateAU",
					"JucePlugin_AUExportPrefixQuoted=\\\"StimulateAU\\\"",
					"JucePlugin_AUManufacturerCode=JucePlugin_ManufacturerCode",
					"JucePlugin_CFBundleIdentifier=com.ViatorDSP.Stimulate",
					"JucePlugin_RTASCategory=0",
					"JucePlugin_RTASManufacturerCode=JucePlugin_ManufacturerCode",
					"JucePlugin_RTASProductId=JucePlugin_PluginCode",
					"JucePlugin_RTASDisableBypass=0",
					"JucePlugin_RTASDisableMultiMono=0",
					"JucePlugin_AAXIdentifier=com.ViatorDSP.Stimulate",
					"JucePlugin_AAXManufacturerCode=JucePlugin_ManufacturerCode",
					"JucePlugin_AAXProductId=JucePlugin_PluginCode",
					"JucePlugin_AAXCategory=0",
					"JucePlugin_AAXDisableBypass=0",
					"JucePlugin_AAXDisableMultiMono=0",
					"JucePlugin_IAAType=0x61757278",
					"JucePlugin_IAASubType=JucePlugin_PluginCode",
					"JucePlugin_IAAName=\\\"Viator\\ DSP:\\ Stimulate\\\"",
					"JucePlugin_VSTNumMidiInputs=16",
					"JucePlugin_VSTNumMidiOutputs=16",
					"JUCE_STANDALONE_APPLICATION=JucePlugin_Build_Standalone",
					"JUCER_XCODE_MAC_F6D2F4CF=1",
					"JUCE_APP_VERSION=1.0.0",
					"JUCE_APP_VERSION_HEX=0x10000",
				);
				GCC_VERSION = com.apple.compilers.llvm.clang.1_0;
				GENERATE_PKGINFO_FILE = YES;
				HEADER_SEARCH_PATHS = (
					"/Users/land00m/Documents/GitHub/JUCE/modules/juce_audio_processors/format_types/VST3_SDK",
					"$(SRCROOT)/../../JuceLibraryCode",
					"/Users/land00m/Documents/GitHub/JUCE/modules",
					"$(SRCROOT)/../../../../JUCE/modules",
					"$(SRCROOT)/../../../../viatordsp",
					"/Users/land00m/Documents/GitHub/JUCE/modules/juce_audio_plugin_client",
					"$(inherited)",
				);
				INFOPLIST_FILE = Info-VST3.plist;
				INFOPLIST_PREPROCESS = NO;
				INSTALL_PATH = "$(HOME)/Library/Audio/Plug-Ins/VST3/";
				LIBRARY_STYLE = Bundle;
				MACOSX_DEPLOYMENT_TARGET = 10.11;
				MTL_HEADER_SEARCH_PATHS = "/Users/land00m/Documents/GitHub/JUCE/modules/juce_audio_processors/format_types/VST3_SDK $(SRCROOT)/../../JuceLibraryCode /Users/land00m/Documents/GitHub/JUCE/modules $(SRCROOT)/../../../../JUCE/modules $(SRCROOT)/../../../../viatordsp /Users/land00m/Documents/GitHub/JUCE/modules/juce_audio_plugin_client";
				OTHER_LDFLAGS = "-bundle -lexciter";
				PRODUCT_BUNDLE_IDENTIFIER = com.ViatorDSP.Stimulate;
				PRODUCT_NAME = "exciter";
				USE_HEADERMAP = NO;
				VALID_ARCHS = "i386 x86_64 arm64 arm64e";
				WRAPPER_EXTENSION = vst3;
			};
			name = Debug;
		};
		740E95AA9FF369CCB50B19ED /* Debug */ = {
			isa = XCBuildConfiguration;
			buildSettings = {
				CLANG_CXX_LANGUAGE_STANDARD = "c++14";
				CLANG_CXX_LIBRARY = "libc++";
				CLANG_LINK_OBJC_RUNTIME = NO;
				CODE_SIGN_IDENTITY = "";
				COMBINE_HIDPI_IMAGES = YES;
				CONFIGURATION_BUILD_DIR = "$(PROJECT_DIR)/build/$(CONFIGURATION)";
				COPY_PHASE_STRIP = NO;
				DEPLOYMENT_LOCATION = YES;
				DSTROOT = /;
				GCC_DYNAMIC_NO_PIC = NO;
				GCC_OPTIMIZATION_LEVEL = 0;
				GCC_PREPROCESSOR_DEFINITIONS = (
					"_DEBUG=1",
					"DEBUG=1",
					"JUCE_DISPLAY_SPLASH_SCREEN=0",
					"JUCE_USE_DARK_SPLASH_SCREEN=1",
					"JUCE_PROJUCER_VERSION=0x60102",
					"JUCE_MODULE_AVAILABLE_juce_audio_basics=1",
					"JUCE_MODULE_AVAILABLE_juce_audio_devices=1",
					"JUCE_MODULE_AVAILABLE_juce_audio_formats=1",
					"JUCE_MODULE_AVAILABLE_juce_audio_plugin_client=1",
					"JUCE_MODULE_AVAILABLE_juce_audio_processors=1",
					"JUCE_MODULE_AVAILABLE_juce_audio_utils=1",
					"JUCE_MODULE_AVAILABLE_juce_core=1",
					"JUCE_MODULE_AVAILABLE_juce_data_structures=1",
					"JUCE_MODULE_AVAILABLE_juce_dsp=1",
					"JUCE_MODULE_AVAILABLE_juce_events=1",
					"JUCE_MODULE_AVAILABLE_juce_graphics=1",
					"JUCE_MODULE_AVAILABLE_juce_gui_basics=1",
					"JUCE_MODULE_AVAILABLE_juce_gui_extra=1",
					"JUCE_MODULE_AVAILABLE_viator_modules=1",
					"JUCE_GLOBAL_MODULE_SETTINGS_INCLUDED=1",
					"JUCE_VST3_CAN_REPLACE_VST2=0",
					"JUCE_STRICT_REFCOUNTEDPOINTER=1",
					"JucePlugin_Build_VST=0",
					"JucePlugin_Build_VST3=0",
					"JucePlugin_Build_AU=1",
					"JucePlugin_Build_AUv3=0",
					"JucePlugin_Build_RTAS=0",
					"JucePlugin_Build_AAX=0",
					"JucePlugin_Build_Standalone=0",
					"JucePlugin_Build_Unity=0",
					"JucePlugin_Enable_IAA=0",
					"JucePlugin_Name=\\\"Stimulate\\\"",
					"JucePlugin_Desc=\\\"Stimulate\\\"",
					"JucePlugin_Manufacturer=\\\"Viator\\ DSP\\\"",
					"JucePlugin_ManufacturerWebsite=\\\"\\\"",
					"JucePlugin_ManufacturerEmail=\\\"\\\"",
					"JucePlugin_ManufacturerCode=0x4d616e75",
					"JucePlugin_PluginCode=0x4f696873",
					"JucePlugin_IsSynth=0",
					"JucePlugin_WantsMidiInput=0",
					"JucePlugin_ProducesMidiOutput=0",
					"JucePlugin_IsMidiEffect=0",
					"JucePlugin_EditorRequiresKeyboardFocus=0",
					"JucePlugin_Version=1.0.0",
					"JucePlugin_VersionCode=0x10000",
					"JucePlugin_VersionString=\\\"1.0.0\\\"",
					"JucePlugin_VSTUniqueID=JucePlugin_PluginCode",
					"JucePlugin_VSTCategory=kPlugCategEffect",
					"JucePlugin_Vst3Category=\\\"Fx\\\"",
					"JucePlugin_AUMainType='aufx'",
					"JucePlugin_AUSubType=JucePlugin_PluginCode",
					"JucePlugin_AUExportPrefix=StimulateAU",
					"JucePlugin_AUExportPrefixQuoted=\\\"StimulateAU\\\"",
					"JucePlugin_AUManufacturerCode=JucePlugin_ManufacturerCode",
					"JucePlugin_CFBundleIdentifier=com.ViatorDSP.Stimulate",
					"JucePlugin_RTASCategory=0",
					"JucePlugin_RTASManufacturerCode=JucePlugin_ManufacturerCode",
					"JucePlugin_RTASProductId=JucePlugin_PluginCode",
					"JucePlugin_RTASDisableBypass=0",
					"JucePlugin_RTASDisableMultiMono=0",
					"JucePlugin_AAXIdentifier=com.ViatorDSP.Stimulate",
					"JucePlugin_AAXManufacturerCode=JucePlugin_ManufacturerCode",
					"JucePlugin_AAXProductId=JucePlugin_PluginCode",
					"JucePlugin_AAXCategory=0",
					"JucePlugin_AAXDisableBypass=0",
					"JucePlugin_AAXDisableMultiMono=0",
					"JucePlugin_IAAType=0x61757278",
					"JucePlugin_IAASubType=JucePlugin_PluginCode",
					"JucePlugin_IAAName=\\\"Viator\\ DSP:\\ Stimulate\\\"",
					"JucePlugin_VSTNumMidiInputs=16",
					"JucePlugin_VSTNumMidiOutputs=16",
					"JUCE_STANDALONE_APPLICATION=JucePlugin_Build_Standalone",
					"JUCER_XCODE_MAC_F6D2F4CF=1",
					"JUCE_APP_VERSION=1.0.0",
					"JUCE_APP_VERSION_HEX=0x10000",
				);
				GCC_VERSION = com.apple.compilers.llvm.clang.1_0;
				GENERATE_PKGINFO_FILE = YES;
				HEADER_SEARCH_PATHS = (
					"/Users/land00m/Documents/GitHub/JUCE/modules/juce_audio_processors/format_types/VST3_SDK",
					"$(SRCROOT)/../../JuceLibraryCode",
					"/Users/land00m/Documents/GitHub/JUCE/modules",
					"$(SRCROOT)/../../../../JUCE/modules",
					"$(SRCROOT)/../../../../viatordsp",
					"/Users/land00m/Documents/GitHub/JUCE/modules/juce_audio_plugin_client",
					"$(inherited)",
				);
				INFOPLIST_FILE = Info-AU.plist;
				INFOPLIST_PREPROCESS = NO;
				INSTALL_PATH = "$(HOME)/Library/Audio/Plug-Ins/Components/";
				LIBRARY_STYLE = Bundle;
				MACOSX_DEPLOYMENT_TARGET = 10.11;
				MTL_HEADER_SEARCH_PATHS = "/Users/land00m/Documents/GitHub/JUCE/modules/juce_audio_processors/format_types/VST3_SDK $(SRCROOT)/../../JuceLibraryCode /Users/land00m/Documents/GitHub/JUCE/modules $(SRCROOT)/../../../../JUCE/modules $(SRCROOT)/../../../../viatordsp /Users/land00m/Documents/GitHub/JUCE/modules/juce_audio_plugin_client";
				OTHER_LDFLAGS = "-bundle -lexciter";
				OTHER_REZFLAGS = "-d ppc_$ppc -d i386_$i386 -d ppc64_$ppc64 -d x86_64_$x86_64 -d arm64_$arm64 -I /System/Library/Frameworks/CoreServices.framework/Frameworks/CarbonCore.framework/Versions/A/Headers -I \"$(DEVELOPER_DIR)/Extras/CoreAudio/AudioUnits/AUPublic/AUBase\" -I \"$(DEVELOPER_DIR)/Platforms/MacOSX.platform/Developer/SDKs/MacOSX.sdk/System/Library/Frameworks/AudioUnit.framework/Headers\"";
				PRODUCT_BUNDLE_IDENTIFIER = com.ViatorDSP.Stimulate;
				PRODUCT_NAME = "exciter";
				USE_HEADERMAP = NO;
				VALID_ARCHS = "i386 x86_64 arm64 arm64e";
				WRAPPER_EXTENSION = component;
			};
			name = Debug;
		};
		7529E05A06AC6EAD0698F9DF /* Release */ = {
			isa = XCBuildConfiguration;
			buildSettings = {
				CLANG_CXX_LANGUAGE_STANDARD = "c++14";
				CLANG_CXX_LIBRARY = "libc++";
				CLANG_LINK_OBJC_RUNTIME = NO;
				CODE_SIGN_IDENTITY = "";
				COMBINE_HIDPI_IMAGES = YES;
				CONFIGURATION_BUILD_DIR = "$(PROJECT_DIR)/build/$(CONFIGURATION)";
				DEAD_CODE_STRIPPING = YES;
				DEPLOYMENT_LOCATION = YES;
				DSTROOT = /;
				GCC_GENERATE_DEBUGGING_SYMBOLS = NO;
				GCC_OPTIMIZATION_LEVEL = 3;
				GCC_PREPROCESSOR_DEFINITIONS = (
					"_NDEBUG=1",
					"NDEBUG=1",
					"JUCE_DISPLAY_SPLASH_SCREEN=0",
					"JUCE_USE_DARK_SPLASH_SCREEN=1",
					"JUCE_PROJUCER_VERSION=0x60102",
					"JUCE_MODULE_AVAILABLE_juce_audio_basics=1",
					"JUCE_MODULE_AVAILABLE_juce_audio_devices=1",
					"JUCE_MODULE_AVAILABLE_juce_audio_formats=1",
					"JUCE_MODULE_AVAILABLE_juce_audio_plugin_client=1",
					"JUCE_MODULE_AVAILABLE_juce_audio_processors=1",
					"JUCE_MODULE_AVAILABLE_juce_audio_utils=1",
					"JUCE_MODULE_AVAILABLE_juce_core=1",
					"JUCE_MODULE_AVAILABLE_juce_data_structures=1",
					"JUCE_MODULE_AVAILABLE_juce_dsp=1",
					"JUCE_MODULE_AVAILABLE_juce_events=1",
					"JUCE_MODULE_AVAILABLE_juce_graphics=1",
					"JUCE_MODULE_AVAILABLE_juce_gui_basics=1",
					"JUCE_MODULE_AVAILABLE_juce_gui_extra=1",
					"JUCE_MODULE_AVAILABLE_viator_modules=1",
					"JUCE_GLOBAL_MODULE_SETTINGS_INCLUDED=1",
					"JUCE_VST3_CAN_REPLACE_VST2=0",
					"JUCE_STRICT_REFCOUNTEDPOINTER=1",
					"JucePlugin_Build_VST=0",
					"JucePlugin_Build_VST3=1",
					"JucePlugin_Build_AU=0",
					"JucePlugin_Build_AUv3=0",
					"JucePlugin_Build_RTAS=0",
					"JucePlugin_Build_AAX=0",
					"JucePlugin_Build_Standalone=0",
					"JucePlugin_Build_Unity=0",
					"JucePlugin_Enable_IAA=0",
					"JucePlugin_Name=\\\"Stimulate\\\"",
					"JucePlugin_Desc=\\\"Stimulate\\\"",
					"JucePlugin_Manufacturer=\\\"Viator\\ DSP\\\"",
					"JucePlugin_ManufacturerWebsite=\\\"\\\"",
					"JucePlugin_ManufacturerEmail=\\\"\\\"",
					"JucePlugin_ManufacturerCode=0x4d616e75",
					"JucePlugin_PluginCode=0x4f696873",
					"JucePlugin_IsSynth=0",
					"JucePlugin_WantsMidiInput=0",
					"JucePlugin_ProducesMidiOutput=0",
					"JucePlugin_IsMidiEffect=0",
					"JucePlugin_EditorRequiresKeyboardFocus=0",
					"JucePlugin_Version=1.0.0",
					"JucePlugin_VersionCode=0x10000",
					"JucePlugin_VersionString=\\\"1.0.0\\\"",
					"JucePlugin_VSTUniqueID=JucePlugin_PluginCode",
					"JucePlugin_VSTCategory=kPlugCategEffect",
					"JucePlugin_Vst3Category=\\\"Fx\\\"",
					"JucePlugin_AUMainType='aufx'",
					"JucePlugin_AUSubType=JucePlugin_PluginCode",
					"JucePlugin_AUExportPrefix=StimulateAU",
					"JucePlugin_AUExportPrefixQuoted=\\\"StimulateAU\\\"",
					"JucePlugin_AUManufacturerCode=JucePlugin_ManufacturerCode",
					"JucePlugin_CFBundleIdentifier=com.ViatorDSP.Stimulate",
					"JucePlugin_RTASCategory=0",
					"JucePlugin_RTASManufacturerCode=JucePlugin_ManufacturerCode",
					"JucePlugin_RTASProductId=JucePlugin_PluginCode",
					"JucePlugin_RTASDisableBypass=0",
					"JucePlugin_RTASDisableMultiMono=0",
					"JucePlugin_AAXIdentifier=com.ViatorDSP.Stimulate",
					"JucePlugin_AAXManufacturerCode=JucePlugin_ManufacturerCode",
					"JucePlugin_AAXProductId=JucePlugin_PluginCode",
					"JucePlugin_AAXCategory=0",
					"JucePlugin_AAXDisableBypass=0",
					"JucePlugin_AAXDisableMultiMono=0",
					"JucePlugin_IAAType=0x61757278",
					"JucePlugin_IAASubType=JucePlugin_PluginCode",
					"JucePlugin_IAAName=\\\"Viator\\ DSP:\\ Stimulate\\\"",
					"JucePlugin_VSTNumMidiInputs=16",
					"JucePlugin_VSTNumMidiOutputs=16",
					"JUCE_STANDALONE_APPLICATION=JucePlugin_Build_Standalone",
					"JUCER_XCODE_MAC_F6D2F4CF=1",
					"JUCE_APP_VERSION=1.0.0",
					"JUCE_APP_VERSION_HEX=0x10000",
				);
				GCC_VERSION = com.apple.compilers.llvm.clang.1_0;
				GENERATE_PKGINFO_FILE = YES;
				HEADER_SEARCH_PATHS = (
					"/Users/land00m/Documents/GitHub/JUCE/modules/juce_audio_processors/format_types/VST3_SDK",
					"$(SRCROOT)/../../JuceLibraryCode",
					"/Users/land00m/Documents/GitHub/JUCE/modules",
					"$(SRCROOT)/../../../../JUCE/modules",
					"$(SRCROOT)/../../../../viatordsp",
					"/Users/land00m/Documents/GitHub/JUCE/modules/juce_audio_plugin_client",
					"$(inherited)",
				);
				INFOPLIST_FILE = Info-VST3.plist;
				INFOPLIST_PREPROCESS = NO;
				INSTALL_PATH = "$(HOME)/Library/Audio/Plug-Ins/VST3/";
				LIBRARY_STYLE = Bundle;
				LLVM_LTO = YES;
				MACOSX_DEPLOYMENT_TARGET = 10.11;
				MTL_HEADER_SEARCH_PATHS = "/Users/land00m/Documents/GitHub/JUCE/modules/juce_audio_processors/format_types/VST3_SDK $(SRCROOT)/../../JuceLibraryCode /Users/land00m/Documents/GitHub/JUCE/modules $(SRCROOT)/../../../../JUCE/modules $(SRCROOT)/../../../../viatordsp /Users/land00m/Documents/GitHub/JUCE/modules/juce_audio_plugin_client";
				OTHER_LDFLAGS = "-bundle -lexciter";
				PRODUCT_BUNDLE_IDENTIFIER = com.ViatorDSP.Stimulate;
				PRODUCT_NAME = "exciter";
				USE_HEADERMAP = NO;
				VALID_ARCHS = "i386 x86_64 arm64 arm64e";
				WRAPPER_EXTENSION = vst3;
			};
			name = Release;
		};
		7ABF9DDA1BBE12CB259D6B23 /* Debug */ = {
			isa = XCBuildConfiguration;
			buildSettings = {
				ALWAYS_SEARCH_USER_PATHS = NO;
				CLANG_ENABLE_OBJC_WEAK = YES;
				CLANG_WARN_BLOCK_CAPTURE_AUTORELEASING = YES;
				CLANG_WARN_BOOL_CONVERSION = YES;
				CLANG_WARN_COMMA = YES;
				CLANG_WARN_CONSTANT_CONVERSION = YES;
				CLANG_WARN_DEPRECATED_OBJC_IMPLEMENTATIONS = YES;
				CLANG_WARN_EMPTY_BODY = YES;
				CLANG_WARN_ENUM_CONVERSION = YES;
				CLANG_WARN_INFINITE_RECURSION = YES;
				CLANG_WARN_INT_CONVERSION = YES;
				CLANG_WARN_NON_LITERAL_NULL_CONVERSION = YES;
				CLANG_WARN_OBJC_IMPLICIT_RETAIN_SELF = YES;
				CLANG_WARN_OBJC_LITERAL_CONVERSION = YES;
				CLANG_WARN_RANGE_LOOP_ANALYSIS = YES;
				CLANG_WARN_STRICT_PROTOTYPES = YES;
				CLANG_WARN_SUSPICIOUS_MOVE = YES;
				CLANG_WARN_UNREACHABLE_CODE = YES;
				CLANG_WARN__DUPLICATE_METHOD_MATCH = YES;
				CODE_SIGN_IDENTITY = "";
				DEBUG_INFORMATION_FORMAT = dwarf;
				ENABLE_STRICT_OBJC_MSGSEND = YES;
				ENABLE_TESTABILITY = NO;
				GCC_C_LANGUAGE_STANDARD = c11;
				GCC_INLINES_ARE_PRIVATE_EXTERN = YES;
				GCC_MODEL_TUNING = G5;
				GCC_NO_COMMON_BLOCKS = YES;
				GCC_SYMBOLS_PRIVATE_EXTERN = YES;
				GCC_WARN_64_TO_32_BIT_CONVERSION = YES;
				GCC_WARN_ABOUT_RETURN_TYPE = YES;
				GCC_WARN_CHECK_SWITCH_STATEMENTS = YES;
				GCC_WARN_MISSING_PARENTHESES = YES;
				GCC_WARN_NON_VIRTUAL_DESTRUCTOR = YES;
				GCC_WARN_TYPECHECK_CALLS_TO_PRINTF = YES;
				GCC_WARN_UNDECLARED_SELECTOR = YES;
				GCC_WARN_UNINITIALIZED_AUTOS = YES;
				GCC_WARN_UNUSED_FUNCTION = YES;
				GCC_WARN_UNUSED_VARIABLE = YES;
				ONLY_ACTIVE_ARCH = YES;
				PRODUCT_NAME = "exciter";
				SDKROOT = macosx;
				WARNING_CFLAGS = "-Wreorder";
				ZERO_LINK = NO;
			};
			name = Debug;
		};
		93CABBFFA27A7D68824E848E /* Release */ = {
			isa = XCBuildConfiguration;
			buildSettings = {
				CLANG_CXX_LANGUAGE_STANDARD = "c++14";
				CLANG_CXX_LIBRARY = "libc++";
				CLANG_LINK_OBJC_RUNTIME = NO;
				CODE_SIGN_IDENTITY = "";
				COMBINE_HIDPI_IMAGES = YES;
				CONFIGURATION_BUILD_DIR = "$(PROJECT_DIR)/build/$(CONFIGURATION)";
				DEAD_CODE_STRIPPING = YES;
				GCC_GENERATE_DEBUGGING_SYMBOLS = NO;
				GCC_OPTIMIZATION_LEVEL = 3;
				GCC_PREPROCESSOR_DEFINITIONS = (
					"_NDEBUG=1",
					"NDEBUG=1",
					"JUCE_DISPLAY_SPLASH_SCREEN=0",
					"JUCE_USE_DARK_SPLASH_SCREEN=1",
					"JUCE_PROJUCER_VERSION=0x60102",
					"JUCE_MODULE_AVAILABLE_juce_audio_basics=1",
					"JUCE_MODULE_AVAILABLE_juce_audio_devices=1",
					"JUCE_MODULE_AVAILABLE_juce_audio_formats=1",
					"JUCE_MODULE_AVAILABLE_juce_audio_plugin_client=1",
					"JUCE_MODULE_AVAILABLE_juce_audio_processors=1",
					"JUCE_MODULE_AVAILABLE_juce_audio_utils=1",
					"JUCE_MODULE_AVAILABLE_juce_core=1",
					"JUCE_MODULE_AVAILABLE_juce_data_structures=1",
					"JUCE_MODULE_AVAILABLE_juce_dsp=1",
					"JUCE_MODULE_AVAILABLE_juce_events=1",
					"JUCE_MODULE_AVAILABLE_juce_graphics=1",
					"JUCE_MODULE_AVAILABLE_juce_gui_basics=1",
					"JUCE_MODULE_AVAILABLE_juce_gui_extra=1",
					"JUCE_MODULE_AVAILABLE_viator_modules=1",
					"JUCE_GLOBAL_MODULE_SETTINGS_INCLUDED=1",
					"JUCE_VST3_CAN_REPLACE_VST2=0",
					"JUCE_STRICT_REFCOUNTEDPOINTER=1",
					"JucePlugin_Build_VST=0",
					"JucePlugin_Build_VST3=0",
					"JucePlugin_Build_AU=0",
					"JucePlugin_Build_AUv3=0",
					"JucePlugin_Build_RTAS=0",
					"JucePlugin_Build_AAX=0",
					"JucePlugin_Build_Standalone=1",
					"JucePlugin_Build_Unity=0",
					"JucePlugin_Enable_IAA=0",
					"JucePlugin_Name=\\\"Stimulate\\\"",
					"JucePlugin_Desc=\\\"Stimulate\\\"",
					"JucePlugin_Manufacturer=\\\"Viator\\ DSP\\\"",
					"JucePlugin_ManufacturerWebsite=\\\"\\\"",
					"JucePlugin_ManufacturerEmail=\\\"\\\"",
					"JucePlugin_ManufacturerCode=0x4d616e75",
					"JucePlugin_PluginCode=0x4f696873",
					"JucePlugin_IsSynth=0",
					"JucePlugin_WantsMidiInput=0",
					"JucePlugin_ProducesMidiOutput=0",
					"JucePlugin_IsMidiEffect=0",
					"JucePlugin_EditorRequiresKeyboardFocus=0",
					"JucePlugin_Version=1.0.0",
					"JucePlugin_VersionCode=0x10000",
					"JucePlugin_VersionString=\\\"1.0.0\\\"",
					"JucePlugin_VSTUniqueID=JucePlugin_PluginCode",
					"JucePlugin_VSTCategory=kPlugCategEffect",
					"JucePlugin_Vst3Category=\\\"Fx\\\"",
					"JucePlugin_AUMainType='aufx'",
					"JucePlugin_AUSubType=JucePlugin_PluginCode",
					"JucePlugin_AUExportPrefix=StimulateAU",
					"JucePlugin_AUExportPrefixQuoted=\\\"StimulateAU\\\"",
					"JucePlugin_AUManufacturerCode=JucePlugin_ManufacturerCode",
					"JucePlugin_CFBundleIdentifier=com.ViatorDSP.Stimulate",
					"JucePlugin_RTASCategory=0",
					"JucePlugin_RTASManufacturerCode=JucePlugin_ManufacturerCode",
					"JucePlugin_RTASProductId=JucePlugin_PluginCode",
					"JucePlugin_RTASDisableBypass=0",
					"JucePlugin_RTASDisableMultiMono=0",
					"JucePlugin_AAXIdentifier=com.ViatorDSP.Stimulate",
					"JucePlugin_AAXManufacturerCode=JucePlugin_ManufacturerCode",
					"JucePlugin_AAXProductId=JucePlugin_PluginCode",
					"JucePlugin_AAXCategory=0",
					"JucePlugin_AAXDisableBypass=0",
					"JucePlugin_AAXDisableMultiMono=0",
					"JucePlugin_IAAType=0x61757278",
					"JucePlugin_IAASubType=JucePlugin_PluginCode",
					"JucePlugin_IAAName=\\\"Viator\\ DSP:\\ Stimulate\\\"",
					"JucePlugin_VSTNumMidiInputs=16",
					"JucePlugin_VSTNumMidiOutputs=16",
					"JUCE_STANDALONE_APPLICATION=JucePlugin_Build_Standalone",
					"JUCER_XCODE_MAC_F6D2F4CF=1",
					"JUCE_APP_VERSION=1.0.0",
					"JUCE_APP_VERSION_HEX=0x10000",
				);
				GCC_VERSION = com.apple.compilers.llvm.clang.1_0;
				HEADER_SEARCH_PATHS = (
					"/Users/land00m/Documents/GitHub/JUCE/modules/juce_audio_processors/format_types/VST3_SDK",
					"$(SRCROOT)/../../JuceLibraryCode",
					"/Users/land00m/Documents/GitHub/JUCE/modules",
					"$(SRCROOT)/../../../../JUCE/modules",
					"$(SRCROOT)/../../../../viatordsp",
					"/Users/land00m/Documents/GitHub/JUCE/modules/juce_audio_plugin_client",
					"$(inherited)",
				);
				INFOPLIST_FILE = Info-Standalone_Plugin.plist;
				INFOPLIST_PREPROCESS = NO;
				LLVM_LTO = YES;
				MACOSX_DEPLOYMENT_TARGET = 10.11;
				MTL_HEADER_SEARCH_PATHS = "/Users/land00m/Documents/GitHub/JUCE/modules/juce_audio_processors/format_types/VST3_SDK $(SRCROOT)/../../JuceLibraryCode /Users/land00m/Documents/GitHub/JUCE/modules $(SRCROOT)/../../../../JUCE/modules $(SRCROOT)/../../../../viatordsp /Users/land00m/Documents/GitHub/JUCE/modules/juce_audio_plugin_client";
				OTHER_LDFLAGS = "-lexciter";
				PRODUCT_BUNDLE_IDENTIFIER = com.ViatorDSP.Stimulate;
				PRODUCT_NAME = "exciter";
				USE_HEADERMAP = NO;
				VALID_ARCHS = "i386 x86_64 arm64 arm64e";
			};
			name = Release;
		};
		A9600F4308B2272EDA7BCB92 /* Release */ = {
			isa = XCBuildConfiguration;
			buildSettings = {
				ALWAYS_SEARCH_USER_PATHS = NO;
				CLANG_ENABLE_OBJC_WEAK = YES;
				CLANG_WARN_BLOCK_CAPTURE_AUTORELEASING = YES;
				CLANG_WARN_BOOL_CONVERSION = YES;
				CLANG_WARN_COMMA = YES;
				CLANG_WARN_CONSTANT_CONVERSION = YES;
				CLANG_WARN_DEPRECATED_OBJC_IMPLEMENTATIONS = YES;
				CLANG_WARN_EMPTY_BODY = YES;
				CLANG_WARN_ENUM_CONVERSION = YES;
				CLANG_WARN_INFINITE_RECURSION = YES;
				CLANG_WARN_INT_CONVERSION = YES;
				CLANG_WARN_NON_LITERAL_NULL_CONVERSION = YES;
				CLANG_WARN_OBJC_IMPLICIT_RETAIN_SELF = YES;
				CLANG_WARN_OBJC_LITERAL_CONVERSION = YES;
				CLANG_WARN_RANGE_LOOP_ANALYSIS = YES;
				CLANG_WARN_STRICT_PROTOTYPES = YES;
				CLANG_WARN_SUSPICIOUS_MOVE = YES;
				CLANG_WARN_UNREACHABLE_CODE = YES;
				CLANG_WARN__DUPLICATE_METHOD_MATCH = YES;
				CODE_SIGN_IDENTITY = "";
				DEBUG_INFORMATION_FORMAT = dwarf;
				ENABLE_STRICT_OBJC_MSGSEND = YES;
				ENABLE_TESTABILITY = NO;
				GCC_C_LANGUAGE_STANDARD = c11;
				GCC_INLINES_ARE_PRIVATE_EXTERN = YES;
				GCC_MODEL_TUNING = G5;
				GCC_NO_COMMON_BLOCKS = YES;
				GCC_SYMBOLS_PRIVATE_EXTERN = YES;
				GCC_WARN_64_TO_32_BIT_CONVERSION = YES;
				GCC_WARN_ABOUT_RETURN_TYPE = YES;
				GCC_WARN_CHECK_SWITCH_STATEMENTS = YES;
				GCC_WARN_MISSING_PARENTHESES = YES;
				GCC_WARN_NON_VIRTUAL_DESTRUCTOR = YES;
				GCC_WARN_TYPECHECK_CALLS_TO_PRINTF = YES;
				GCC_WARN_UNDECLARED_SELECTOR = YES;
				GCC_WARN_UNINITIALIZED_AUTOS = YES;
				GCC_WARN_UNUSED_FUNCTION = YES;
				GCC_WARN_UNUSED_VARIABLE = YES;
				PRODUCT_NAME = "exciter";
				SDKROOT = macosx;
				WARNING_CFLAGS = "-Wreorder";
				ZERO_LINK = NO;
			};
			name = Release;
		};
		AA4724DF1B7E3A4DBAB5EDAB /* Debug */ = {
			isa = XCBuildConfiguration;
			buildSettings = {
				MACOSX_DEPLOYMENT_TARGET = 10.11;
				SDKROOT = macosx;
			};
			name = Debug;
		};
		C40FF84125AF964757E181EA /* Release */ = {
			isa = XCBuildConfiguration;
			buildSettings = {
				CLANG_CXX_LANGUAGE_STANDARD = "c++14";
				CLANG_CXX_LIBRARY = "libc++";
				CLANG_LINK_OBJC_RUNTIME = NO;
				CODE_SIGN_IDENTITY = "";
				COMBINE_HIDPI_IMAGES = YES;
				CONFIGURATION_BUILD_DIR = "$(PROJECT_DIR)/build/$(CONFIGURATION)";
				DEAD_CODE_STRIPPING = YES;
				GCC_GENERATE_DEBUGGING_SYMBOLS = NO;
				GCC_OPTIMIZATION_LEVEL = 3;
				GCC_PREPROCESSOR_DEFINITIONS = (
					"_NDEBUG=1",
					"NDEBUG=1",
					"JUCE_DISPLAY_SPLASH_SCREEN=0",
					"JUCE_USE_DARK_SPLASH_SCREEN=1",
					"JUCE_PROJUCER_VERSION=0x60102",
					"JUCE_MODULE_AVAILABLE_juce_audio_basics=1",
					"JUCE_MODULE_AVAILABLE_juce_audio_devices=1",
					"JUCE_MODULE_AVAILABLE_juce_audio_formats=1",
					"JUCE_MODULE_AVAILABLE_juce_audio_plugin_client=1",
					"JUCE_MODULE_AVAILABLE_juce_audio_processors=1",
					"JUCE_MODULE_AVAILABLE_juce_audio_utils=1",
					"JUCE_MODULE_AVAILABLE_juce_core=1",
					"JUCE_MODULE_AVAILABLE_juce_data_structures=1",
					"JUCE_MODULE_AVAILABLE_juce_dsp=1",
					"JUCE_MODULE_AVAILABLE_juce_events=1",
					"JUCE_MODULE_AVAILABLE_juce_graphics=1",
					"JUCE_MODULE_AVAILABLE_juce_gui_basics=1",
					"JUCE_MODULE_AVAILABLE_juce_gui_extra=1",
					"JUCE_MODULE_AVAILABLE_viator_modules=1",
					"JUCE_GLOBAL_MODULE_SETTINGS_INCLUDED=1",
					"JUCE_VST3_CAN_REPLACE_VST2=0",
					"JUCE_STRICT_REFCOUNTEDPOINTER=1",
					"JucePlugin_Build_VST=0",
					"JucePlugin_Build_VST3=1",
					"JucePlugin_Build_AU=1",
					"JucePlugin_Build_AUv3=0",
					"JucePlugin_Build_RTAS=0",
					"JucePlugin_Build_AAX=0",
					"JucePlugin_Build_Standalone=1",
					"JucePlugin_Build_Unity=0",
					"JucePlugin_Enable_IAA=0",
					"JucePlugin_Name=\\\"Stimulate\\\"",
					"JucePlugin_Desc=\\\"Stimulate\\\"",
					"JucePlugin_Manufacturer=\\\"Viator\\ DSP\\\"",
					"JucePlugin_ManufacturerWebsite=\\\"\\\"",
					"JucePlugin_ManufacturerEmail=\\\"\\\"",
					"JucePlugin_ManufacturerCode=0x4d616e75",
					"JucePlugin_PluginCode=0x4f696873",
					"JucePlugin_IsSynth=0",
					"JucePlugin_WantsMidiInput=0",
					"JucePlugin_ProducesMidiOutput=0",
					"JucePlugin_IsMidiEffect=0",
					"JucePlugin_EditorRequiresKeyboardFocus=0",
					"JucePlugin_Version=1.0.0",
					"JucePlugin_VersionCode=0x10000",
					"JucePlugin_VersionString=\\\"1.0.0\\\"",
					"JucePlugin_VSTUniqueID=JucePlugin_PluginCode",
					"JucePlugin_VSTCategory=kPlugCategEffect",
					"JucePlugin_Vst3Category=\\\"Fx\\\"",
					"JucePlugin_AUMainType='aufx'",
					"JucePlugin_AUSubType=JucePlugin_PluginCode",
					"JucePlugin_AUExportPrefix=StimulateAU",
					"JucePlugin_AUExportPrefixQuoted=\\\"StimulateAU\\\"",
					"JucePlugin_AUManufacturerCode=JucePlugin_ManufacturerCode",
					"JucePlugin_CFBundleIdentifier=com.ViatorDSP.Stimulate",
					"JucePlugin_RTASCategory=0",
					"JucePlugin_RTASManufacturerCode=JucePlugin_ManufacturerCode",
					"JucePlugin_RTASProductId=JucePlugin_PluginCode",
					"JucePlugin_RTASDisableBypass=0",
					"JucePlugin_RTASDisableMultiMono=0",
					"JucePlugin_AAXIdentifier=com.ViatorDSP.Stimulate",
					"JucePlugin_AAXManufacturerCode=JucePlugin_ManufacturerCode",
					"JucePlugin_AAXProductId=JucePlugin_PluginCode",
					"JucePlugin_AAXCategory=0",
					"JucePlugin_AAXDisableBypass=0",
					"JucePlugin_AAXDisableMultiMono=0",
					"JucePlugin_IAAType=0x61757278",
					"JucePlugin_IAASubType=JucePlugin_PluginCode",
					"JucePlugin_IAAName=\\\"Viator\\ DSP:\\ Stimulate\\\"",
					"JucePlugin_VSTNumMidiInputs=16",
					"JucePlugin_VSTNumMidiOutputs=16",
					"JUCE_STANDALONE_APPLICATION=JucePlugin_Build_Standalone",
					"JUCER_XCODE_MAC_F6D2F4CF=1",
					"JUCE_APP_VERSION=1.0.0",
					"JUCE_APP_VERSION_HEX=0x10000",
					"JUCE_SHARED_CODE=1",
				);
				GCC_VERSION = com.apple.compilers.llvm.clang.1_0;
				HEADER_SEARCH_PATHS = (
					"/Users/land00m/Documents/GitHub/JUCE/modules/juce_audio_processors/format_types/VST3_SDK",
					"$(SRCROOT)/../../JuceLibraryCode",
					"/Users/land00m/Documents/GitHub/JUCE/modules",
					"$(SRCROOT)/../../../../JUCE/modules",
					"$(SRCROOT)/../../../../viatordsp",
					"/Users/land00m/Documents/GitHub/JUCE/modules/juce_audio_plugin_client",
					"$(inherited)",
				);
				INSTALL_PATH = "@executable_path/../Frameworks";
				LLVM_LTO = YES;
				MACOSX_DEPLOYMENT_TARGET = 10.11;
				MTL_HEADER_SEARCH_PATHS = "/Users/land00m/Documents/GitHub/JUCE/modules/juce_audio_processors/format_types/VST3_SDK $(SRCROOT)/../../JuceLibraryCode /Users/land00m/Documents/GitHub/JUCE/modules $(SRCROOT)/../../../../JUCE/modules $(SRCROOT)/../../../../viatordsp /Users/land00m/Documents/GitHub/JUCE/modules/juce_audio_plugin_client";
				PRODUCT_BUNDLE_IDENTIFIER = com.ViatorDSP.Stimulate;
				PRODUCT_NAME = "exciter";
				SKIP_INSTALL = YES;
				USE_HEADERMAP = NO;
				VALID_ARCHS = "i386 x86_64 arm64 arm64e";
			};
			name = Release;
		};
		CDE27A7356D97F49D5109920 /* Release */ = {
			isa = XCBuildConfiguration;
			buildSettings = {
				CLANG_CXX_LANGUAGE_STANDARD = "c++14";
				CLANG_CXX_LIBRARY = "libc++";
				CLANG_LINK_OBJC_RUNTIME = NO;
				CODE_SIGN_IDENTITY = "";
				COMBINE_HIDPI_IMAGES = YES;
				CONFIGURATION_BUILD_DIR = "$(PROJECT_DIR)/build/$(CONFIGURATION)";
				DEAD_CODE_STRIPPING = YES;
				DEPLOYMENT_LOCATION = YES;
				DSTROOT = /;
				GCC_GENERATE_DEBUGGING_SYMBOLS = NO;
				GCC_OPTIMIZATION_LEVEL = 3;
				GCC_PREPROCESSOR_DEFINITIONS = (
					"_NDEBUG=1",
					"NDEBUG=1",
					"JUCE_DISPLAY_SPLASH_SCREEN=0",
					"JUCE_USE_DARK_SPLASH_SCREEN=1",
					"JUCE_PROJUCER_VERSION=0x60102",
					"JUCE_MODULE_AVAILABLE_juce_audio_basics=1",
					"JUCE_MODULE_AVAILABLE_juce_audio_devices=1",
					"JUCE_MODULE_AVAILABLE_juce_audio_formats=1",
					"JUCE_MODULE_AVAILABLE_juce_audio_plugin_client=1",
					"JUCE_MODULE_AVAILABLE_juce_audio_processors=1",
					"JUCE_MODULE_AVAILABLE_juce_audio_utils=1",
					"JUCE_MODULE_AVAILABLE_juce_core=1",
					"JUCE_MODULE_AVAILABLE_juce_data_structures=1",
					"JUCE_MODULE_AVAILABLE_juce_dsp=1",
					"JUCE_MODULE_AVAILABLE_juce_events=1",
					"JUCE_MODULE_AVAILABLE_juce_graphics=1",
					"JUCE_MODULE_AVAILABLE_juce_gui_basics=1",
					"JUCE_MODULE_AVAILABLE_juce_gui_extra=1",
					"JUCE_MODULE_AVAILABLE_viator_modules=1",
					"JUCE_GLOBAL_MODULE_SETTINGS_INCLUDED=1",
					"JUCE_VST3_CAN_REPLACE_VST2=0",
					"JUCE_STRICT_REFCOUNTEDPOINTER=1",
					"JucePlugin_Build_VST=0",
					"JucePlugin_Build_VST3=0",
					"JucePlugin_Build_AU=1",
					"JucePlugin_Build_AUv3=0",
					"JucePlugin_Build_RTAS=0",
					"JucePlugin_Build_AAX=0",
					"JucePlugin_Build_Standalone=0",
					"JucePlugin_Build_Unity=0",
					"JucePlugin_Enable_IAA=0",
					"JucePlugin_Name=\\\"Stimulate\\\"",
					"JucePlugin_Desc=\\\"Stimulate\\\"",
					"JucePlugin_Manufacturer=\\\"Viator\\ DSP\\\"",
					"JucePlugin_ManufacturerWebsite=\\\"\\\"",
					"JucePlugin_ManufacturerEmail=\\\"\\\"",
					"JucePlugin_ManufacturerCode=0x4d616e75",
					"JucePlugin_PluginCode=0x4f696873",
					"JucePlugin_IsSynth=0",
					"JucePlugin_WantsMidiInput=0",
					"JucePlugin_ProducesMidiOutput=0",
					"JucePlugin_IsMidiEffect=0",
					"JucePlugin_EditorRequiresKeyboardFocus=0",
					"JucePlugin_Version=1.0.0",
					"JucePlugin_VersionCode=0x10000",
					"JucePlugin_VersionString=\\\"1.0.0\\\"",
					"JucePlugin_VSTUniqueID=JucePlugin_PluginCode",
					"JucePlugin_VSTCategory=kPlugCategEffect",
					"JucePlugin_Vst3Category=\\\"Fx\\\"",
					"JucePlugin_AUMainType='aufx'",
					"JucePlugin_AUSubType=JucePlugin_PluginCode",
					"JucePlugin_AUExportPrefix=StimulateAU",
					"JucePlugin_AUExportPrefixQuoted=\\\"StimulateAU\\\"",
					"JucePlugin_AUManufacturerCode=JucePlugin_ManufacturerCode",
					"JucePlugin_CFBundleIdentifier=com.ViatorDSP.Stimulate",
					"JucePlugin_RTASCategory=0",
					"JucePlugin_RTASManufacturerCode=JucePlugin_ManufacturerCode",
					"JucePlugin_RTASProductId=JucePlugin_PluginCode",
					"JucePlugin_RTASDisableBypass=0",
					"JucePlugin_RTASDisableMultiMono=0",
					"JucePlugin_AAXIdentifier=com.ViatorDSP.Stimulate",
					"JucePlugin_AAXManufacturerCode=JucePlugin_ManufacturerCode",
					"JucePlugin_AAXProductId=JucePlugin_PluginCode",
					"JucePlugin_AAXCategory=0",
					"JucePlugin_AAXDisableBypass=0",
					"JucePlugin_AAXDisableMultiMono=0",
					"JucePlugin_IAAType=0x61757278",
					"JucePlugin_IAASubType=JucePlugin_PluginCode",
					"JucePlugin_IAAName=\\\"Viator\\ DSP:\\ Stimulate\\\"",
					"JucePlugin_VSTNumMidiInputs=16",
					"JucePlugin_VSTNumMidiOutputs=16",
					"JUCE_STANDALONE_APPLICATION=JucePlugin_Build_Standalone",
					"JUCER_XCODE_MAC_F6D2F4CF=1",
					"JUCE_APP_VERSION=1.0.0",
					"JUCE_APP_VERSION_HEX=0x10000",
				);
				GCC_VERSION = com.apple.compilers.llvm.clang.1_0;
				GENERATE_PKGINFO_FILE = YES;
				HEADER_SEARCH_PATHS = (
					"/Users/land00m/Documents/GitHub/JUCE/modules/juce_audio_processors/format_types/VST3_SDK",
					"$(SRCROOT)/../../JuceLibraryCode",
					"/Users/land00m/Documents/GitHub/JUCE/modules",
					"$(SRCROOT)/../../../../JUCE/modules",
					"$(SRCROOT)/../../../../viatordsp",
					"/Users/land00m/Documents/GitHub/JUCE/modules/juce_audio_plugin_client",
					"$(inherited)",
				);
				INFOPLIST_FILE = Info-AU.plist;
				INFOPLIST_PREPROCESS = NO;
				INSTALL_PATH = "$(HOME)/Library/Audio/Plug-Ins/Components/";
				LIBRARY_STYLE = Bundle;
				LLVM_LTO = YES;
				MACOSX_DEPLOYMENT_TARGET = 10.11;
				MTL_HEADER_SEARCH_PATHS = "/Users/land00m/Documents/GitHub/JUCE/modules/juce_audio_processors/format_types/VST3_SDK $(SRCROOT)/../../JuceLibraryCode /Users/land00m/Documents/GitHub/JUCE/modules $(SRCROOT)/../../../../JUCE/modules $(SRCROOT)/../../../../viatordsp /Users/land00m/Documents/GitHub/JUCE/modules/juce_audio_plugin_client";
				OTHER_LDFLAGS = "-bundle -lexciter";
				OTHER_REZFLAGS = "-d ppc_$ppc -d i386_$i386 -d ppc64_$ppc64 -d x86_64_$x86_64 -d arm64_$arm64 -I /System/Library/Frameworks/CoreServices.framework/Frameworks/CarbonCore.framework/Versions/A/Headers -I \"$(DEVELOPER_DIR)/Extras/CoreAudio/AudioUnits/AUPublic/AUBase\" -I \"$(DEVELOPER_DIR)/Platforms/MacOSX.platform/Developer/SDKs/MacOSX.sdk/System/Library/Frameworks/AudioUnit.framework/Headers\"";
				PRODUCT_BUNDLE_IDENTIFIER = com.ViatorDSP.Stimulate;
				PRODUCT_NAME = "exciter";
				USE_HEADERMAP = NO;
				VALID_ARCHS = "i386 x86_64 arm64 arm64e";
				WRAPPER_EXTENSION = component;
			};
			name = Release;
		};
/* End XCBuildConfiguration section */

/* Begin XCConfigurationList section */
		3E667BE8042C2DF1BC78F639 = {
			isa = XCConfigurationList;
			buildConfigurations = (
				30C9B44A986D09F7B31C54D7,
				93CABBFFA27A7D68824E848E,
			);
			defaultConfigurationIsVisible = 0;
			defaultConfigurationName = Debug;
		};
		3FC8A877130548D51CF809F4 = {
			isa = XCConfigurationList;
			buildConfigurations = (
				7ABF9DDA1BBE12CB259D6B23,
				A9600F4308B2272EDA7BCB92,
			);
			defaultConfigurationIsVisible = 0;
			defaultConfigurationName = Debug;
		};
		887F908EBC157C6EA0F5475A = {
			isa = XCConfigurationList;
			buildConfigurations = (
				479054C11869600CE9E65FFC,
				7529E05A06AC6EAD0698F9DF,
			);
			defaultConfigurationIsVisible = 0;
			defaultConfigurationName = Debug;
		};
		A8EB03D37A7352CB9366AEA2 = {
			isa = XCConfigurationList;
			buildConfigurations = (
				740E95AA9FF369CCB50B19ED,
				CDE27A7356D97F49D5109920,
			);
			defaultConfigurationIsVisible = 0;
			defaultConfigurationName = Debug;
		};
		C686467172E244B9121B8894 = {
			isa = XCConfigurationList;
			buildConfigurations = (
				33B85F923AD1C64893527AAF,
				C40FF84125AF964757E181EA,
			);
			defaultConfigurationIsVisible = 0;
			defaultConfigurationName = Debug;
		};
		EAFD575BD879F853ED1AF08B = {
			isa = XCConfigurationList;
			buildConfigurations = (
				AA4724DF1B7E3A4DBAB5EDAB,
				1EBB05A9A460D26F94471D98,
			);
			defaultConfigurationIsVisible = 0;
			defaultConfigurationName = Debug;
		};
/* End XCConfigurationList section */
	};
	rootObject = 8EAECC410BA132A797349943 /* Project object */;
}
